// !$*UTF8*$!
{
	archiveVersion = 1;
	classes = {
	};
	objectVersion = 46;
	objects = {

/* Begin PBXBuildFile section */
		86C6838217756A6200C3C8D2 /* TLIndexPathController.m in Sources */ = {isa = PBXBuildFile; fileRef = 86C6834B17756A6200C3C8D2 /* TLIndexPathController.m */; };
		86C6838317756A6200C3C8D2 /* TLIndexPathDataModel.m in Sources */ = {isa = PBXBuildFile; fileRef = 86C6834E17756A6200C3C8D2 /* TLIndexPathDataModel.m */; };
		86C6838417756A6200C3C8D2 /* TLIndexPathItem.m in Sources */ = {isa = PBXBuildFile; fileRef = 86C6835017756A6200C3C8D2 /* TLIndexPathItem.m */; };
		86C6838517756A6200C3C8D2 /* TLIndexPathSectionInfo.m in Sources */ = {isa = PBXBuildFile; fileRef = 86C6835217756A6200C3C8D2 /* TLIndexPathSectionInfo.m */; };
		86C6838617756A6200C3C8D2 /* TLIndexPathUpdates.m in Sources */ = {isa = PBXBuildFile; fileRef = 86C6835417756A6200C3C8D2 /* TLIndexPathUpdates.m */; };
		86C6838717756A6200C3C8D2 /* TLCollapsibleDataModel.m in Sources */ = {isa = PBXBuildFile; fileRef = 86C6835817756A6200C3C8D2 /* TLCollapsibleDataModel.m */; };
		86C6838817756A6200C3C8D2 /* TLCollapsibleHeaderView.m in Sources */ = {isa = PBXBuildFile; fileRef = 86C6835A17756A6200C3C8D2 /* TLCollapsibleHeaderView.m */; };
		86C6838917756A6200C3C8D2 /* TLCollapsibleTableViewController.m in Sources */ = {isa = PBXBuildFile; fileRef = 86C6835C17756A6200C3C8D2 /* TLCollapsibleTableViewController.m */; };
		86C6838A17756A6200C3C8D2 /* TLGridDataModel.m in Sources */ = {isa = PBXBuildFile; fileRef = 86C6836017756A6200C3C8D2 /* TLGridDataModel.m */; };
		86C6838B17756A6200C3C8D2 /* TLGridHeaderItem.m in Sources */ = {isa = PBXBuildFile; fileRef = 86C6836217756A6200C3C8D2 /* TLGridHeaderItem.m */; };
		86C6838C17756A6200C3C8D2 /* TLGridItem.m in Sources */ = {isa = PBXBuildFile; fileRef = 86C6836417756A6200C3C8D2 /* TLGridItem.m */; };
		86C6838D17756A6200C3C8D2 /* TLGridCellView.m in Sources */ = {isa = PBXBuildFile; fileRef = 86C6836717756A6200C3C8D2 /* TLGridCellView.m */; };
		86C6838E17756A6200C3C8D2 /* TLGridHeaderCellView.m in Sources */ = {isa = PBXBuildFile; fileRef = 86C6836917756A6200C3C8D2 /* TLGridHeaderCellView.m */; };
		86C6838F17756A6200C3C8D2 /* TLGridHeaderRowView.m in Sources */ = {isa = PBXBuildFile; fileRef = 86C6836B17756A6200C3C8D2 /* TLGridHeaderRowView.m */; };
		86C6839017756A6200C3C8D2 /* TLGridRowView.m in Sources */ = {isa = PBXBuildFile; fileRef = 86C6836D17756A6200C3C8D2 /* TLGridRowView.m */; };
		86C6839117756A6200C3C8D2 /* TLNoResultsTableDataModel.m in Sources */ = {isa = PBXBuildFile; fileRef = 86C6837017756A6200C3C8D2 /* TLNoResultsTableDataModel.m */; };
		86C6839217756A6200C3C8D2 /* TLLayerDelegate.m in Sources */ = {isa = PBXBuildFile; fileRef = 86C6837317756A6200C3C8D2 /* TLLayerDelegate.m */; };
		86C6839317756A6200C3C8D2 /* TLIndexPathTreeItem.m in Sources */ = {isa = PBXBuildFile; fileRef = 86C6837617756A6200C3C8D2 /* TLIndexPathTreeItem.m */; };
		86C6839417756A6200C3C8D2 /* TLTreeDataModel.m in Sources */ = {isa = PBXBuildFile; fileRef = 86C6837817756A6200C3C8D2 /* TLTreeDataModel.m */; };
		86C6839517756A6200C3C8D2 /* TLTreeTableViewController.m in Sources */ = {isa = PBXBuildFile; fileRef = 86C6837A17756A6200C3C8D2 /* TLTreeTableViewController.m */; };
		86C6839617756A6200C3C8D2 /* UITableViewController+ScrollOptimizer.m in Sources */ = {isa = PBXBuildFile; fileRef = 86C6837C17756A6200C3C8D2 /* UITableViewController+ScrollOptimizer.m */; };
		86C6839717756A6200C3C8D2 /* TLCollectionViewController.m in Sources */ = {isa = PBXBuildFile; fileRef = 86C6837F17756A6200C3C8D2 /* TLCollectionViewController.m */; };
		86C6839817756A6200C3C8D2 /* TLTableViewController.m in Sources */ = {isa = PBXBuildFile; fileRef = 86C6838117756A6200C3C8D2 /* TLTableViewController.m */; };
		86CCA0C9175105C800360297 /* UIKit.framework in Frameworks */ = {isa = PBXBuildFile; fileRef = 86CCA0C8175105C800360297 /* UIKit.framework */; };
		86CCA0CB175105C800360297 /* Foundation.framework in Frameworks */ = {isa = PBXBuildFile; fileRef = 86CCA0CA175105C800360297 /* Foundation.framework */; };
		86CCA0CD175105C800360297 /* CoreGraphics.framework in Frameworks */ = {isa = PBXBuildFile; fileRef = 86CCA0CC175105C800360297 /* CoreGraphics.framework */; };
		86CCA0D3175105C800360297 /* InfoPlist.strings in Resources */ = {isa = PBXBuildFile; fileRef = 86CCA0D1175105C800360297 /* InfoPlist.strings */; };
		86CCA0D5175105C800360297 /* main.m in Sources */ = {isa = PBXBuildFile; fileRef = 86CCA0D4175105C800360297 /* main.m */; };
		86CCA0D9175105C800360297 /* AppDelegate.m in Sources */ = {isa = PBXBuildFile; fileRef = 86CCA0D8175105C800360297 /* AppDelegate.m */; };
		86CCA0DB175105C800360297 /* Default.png in Resources */ = {isa = PBXBuildFile; fileRef = 86CCA0DA175105C800360297 /* Default.png */; };
		86CCA0DD175105C800360297 /* Default@2x.png in Resources */ = {isa = PBXBuildFile; fileRef = 86CCA0DC175105C800360297 /* Default@2x.png */; };
		86CCA0DF175105C800360297 /* Default-568h@2x.png in Resources */ = {isa = PBXBuildFile; fileRef = 86CCA0DE175105C800360297 /* Default-568h@2x.png */; };
		86CCA0E2175105C800360297 /* MainStoryboard.storyboard in Resources */ = {isa = PBXBuildFile; fileRef = 86CCA0E0175105C800360297 /* MainStoryboard.storyboard */; };
		86CCA0ED1751060000360297 /* SortTableViewController.m in Sources */ = {isa = PBXBuildFile; fileRef = 86CCA0EC1751060000360297 /* SortTableViewController.m */; };
		86CCA12B175106D700360297 /* CoreData.framework in Frameworks */ = {isa = PBXBuildFile; fileRef = 86CCA12A175106D700360297 /* CoreData.framework */; };
		86CCA12D175106E700360297 /* QuartzCore.framework in Frameworks */ = {isa = PBXBuildFile; fileRef = 86CCA12C175106E700360297 /* QuartzCore.framework */; };
/* End PBXBuildFile section */

/* Begin PBXFileReference section */
		86C6834A17756A6200C3C8D2 /* TLIndexPathController.h */ = {isa = PBXFileReference; fileEncoding = 4; lastKnownFileType = sourcecode.c.h; path = TLIndexPathController.h; sourceTree = "<group>"; };
		86C6834B17756A6200C3C8D2 /* TLIndexPathController.m */ = {isa = PBXFileReference; fileEncoding = 4; lastKnownFileType = sourcecode.c.objc; path = TLIndexPathController.m; sourceTree = "<group>"; };
		86C6834D17756A6200C3C8D2 /* TLIndexPathDataModel.h */ = {isa = PBXFileReference; fileEncoding = 4; lastKnownFileType = sourcecode.c.h; path = TLIndexPathDataModel.h; sourceTree = "<group>"; };
		86C6834E17756A6200C3C8D2 /* TLIndexPathDataModel.m */ = {isa = PBXFileReference; fileEncoding = 4; lastKnownFileType = sourcecode.c.objc; path = TLIndexPathDataModel.m; sourceTree = "<group>"; };
		86C6834F17756A6200C3C8D2 /* TLIndexPathItem.h */ = {isa = PBXFileReference; fileEncoding = 4; lastKnownFileType = sourcecode.c.h; path = TLIndexPathItem.h; sourceTree = "<group>"; };
		86C6835017756A6200C3C8D2 /* TLIndexPathItem.m */ = {isa = PBXFileReference; fileEncoding = 4; lastKnownFileType = sourcecode.c.objc; path = TLIndexPathItem.m; sourceTree = "<group>"; };
		86C6835117756A6200C3C8D2 /* TLIndexPathSectionInfo.h */ = {isa = PBXFileReference; fileEncoding = 4; lastKnownFileType = sourcecode.c.h; path = TLIndexPathSectionInfo.h; sourceTree = "<group>"; };
		86C6835217756A6200C3C8D2 /* TLIndexPathSectionInfo.m */ = {isa = PBXFileReference; fileEncoding = 4; lastKnownFileType = sourcecode.c.objc; path = TLIndexPathSectionInfo.m; sourceTree = "<group>"; };
		86C6835317756A6200C3C8D2 /* TLIndexPathUpdates.h */ = {isa = PBXFileReference; fileEncoding = 4; lastKnownFileType = sourcecode.c.h; path = TLIndexPathUpdates.h; sourceTree = "<group>"; };
		86C6835417756A6200C3C8D2 /* TLIndexPathUpdates.m */ = {isa = PBXFileReference; fileEncoding = 4; lastKnownFileType = sourcecode.c.objc; path = TLIndexPathUpdates.m; sourceTree = "<group>"; };
		86C6835717756A6200C3C8D2 /* TLCollapsibleDataModel.h */ = {isa = PBXFileReference; fileEncoding = 4; lastKnownFileType = sourcecode.c.h; path = TLCollapsibleDataModel.h; sourceTree = "<group>"; };
		86C6835817756A6200C3C8D2 /* TLCollapsibleDataModel.m */ = {isa = PBXFileReference; fileEncoding = 4; lastKnownFileType = sourcecode.c.objc; path = TLCollapsibleDataModel.m; sourceTree = "<group>"; };
		86C6835917756A6200C3C8D2 /* TLCollapsibleHeaderView.h */ = {isa = PBXFileReference; fileEncoding = 4; lastKnownFileType = sourcecode.c.h; path = TLCollapsibleHeaderView.h; sourceTree = "<group>"; };
		86C6835A17756A6200C3C8D2 /* TLCollapsibleHeaderView.m */ = {isa = PBXFileReference; fileEncoding = 4; lastKnownFileType = sourcecode.c.objc; path = TLCollapsibleHeaderView.m; sourceTree = "<group>"; };
		86C6835B17756A6200C3C8D2 /* TLCollapsibleTableViewController.h */ = {isa = PBXFileReference; fileEncoding = 4; lastKnownFileType = sourcecode.c.h; path = TLCollapsibleTableViewController.h; sourceTree = "<group>"; };
		86C6835C17756A6200C3C8D2 /* TLCollapsibleTableViewController.m */ = {isa = PBXFileReference; fileEncoding = 4; lastKnownFileType = sourcecode.c.objc; path = TLCollapsibleTableViewController.m; sourceTree = "<group>"; };
		86C6835F17756A6200C3C8D2 /* TLGridDataModel.h */ = {isa = PBXFileReference; fileEncoding = 4; lastKnownFileType = sourcecode.c.h; path = TLGridDataModel.h; sourceTree = "<group>"; };
		86C6836017756A6200C3C8D2 /* TLGridDataModel.m */ = {isa = PBXFileReference; fileEncoding = 4; lastKnownFileType = sourcecode.c.objc; path = TLGridDataModel.m; sourceTree = "<group>"; };
		86C6836117756A6200C3C8D2 /* TLGridHeaderItem.h */ = {isa = PBXFileReference; fileEncoding = 4; lastKnownFileType = sourcecode.c.h; path = TLGridHeaderItem.h; sourceTree = "<group>"; };
		86C6836217756A6200C3C8D2 /* TLGridHeaderItem.m */ = {isa = PBXFileReference; fileEncoding = 4; lastKnownFileType = sourcecode.c.objc; path = TLGridHeaderItem.m; sourceTree = "<group>"; };
		86C6836317756A6200C3C8D2 /* TLGridItem.h */ = {isa = PBXFileReference; fileEncoding = 4; lastKnownFileType = sourcecode.c.h; path = TLGridItem.h; sourceTree = "<group>"; };
		86C6836417756A6200C3C8D2 /* TLGridItem.m */ = {isa = PBXFileReference; fileEncoding = 4; lastKnownFileType = sourcecode.c.objc; path = TLGridItem.m; sourceTree = "<group>"; };
		86C6836617756A6200C3C8D2 /* TLGridCellView.h */ = {isa = PBXFileReference; fileEncoding = 4; lastKnownFileType = sourcecode.c.h; path = TLGridCellView.h; sourceTree = "<group>"; };
		86C6836717756A6200C3C8D2 /* TLGridCellView.m */ = {isa = PBXFileReference; fileEncoding = 4; lastKnownFileType = sourcecode.c.objc; path = TLGridCellView.m; sourceTree = "<group>"; };
		86C6836817756A6200C3C8D2 /* TLGridHeaderCellView.h */ = {isa = PBXFileReference; fileEncoding = 4; lastKnownFileType = sourcecode.c.h; path = TLGridHeaderCellView.h; sourceTree = "<group>"; };
		86C6836917756A6200C3C8D2 /* TLGridHeaderCellView.m */ = {isa = PBXFileReference; fileEncoding = 4; lastKnownFileType = sourcecode.c.objc; path = TLGridHeaderCellView.m; sourceTree = "<group>"; };
		86C6836A17756A6200C3C8D2 /* TLGridHeaderRowView.h */ = {isa = PBXFileReference; fileEncoding = 4; lastKnownFileType = sourcecode.c.h; path = TLGridHeaderRowView.h; sourceTree = "<group>"; };
		86C6836B17756A6200C3C8D2 /* TLGridHeaderRowView.m */ = {isa = PBXFileReference; fileEncoding = 4; lastKnownFileType = sourcecode.c.objc; path = TLGridHeaderRowView.m; sourceTree = "<group>"; };
		86C6836C17756A6200C3C8D2 /* TLGridRowView.h */ = {isa = PBXFileReference; fileEncoding = 4; lastKnownFileType = sourcecode.c.h; path = TLGridRowView.h; sourceTree = "<group>"; };
		86C6836D17756A6200C3C8D2 /* TLGridRowView.m */ = {isa = PBXFileReference; fileEncoding = 4; lastKnownFileType = sourcecode.c.objc; path = TLGridRowView.m; sourceTree = "<group>"; };
		86C6836F17756A6200C3C8D2 /* TLNoResultsTableDataModel.h */ = {isa = PBXFileReference; fileEncoding = 4; lastKnownFileType = sourcecode.c.h; path = TLNoResultsTableDataModel.h; sourceTree = "<group>"; };
		86C6837017756A6200C3C8D2 /* TLNoResultsTableDataModel.m */ = {isa = PBXFileReference; fileEncoding = 4; lastKnownFileType = sourcecode.c.objc; path = TLNoResultsTableDataModel.m; sourceTree = "<group>"; };
		86C6837117756A6200C3C8D2 /* TLDynamicSizeView.h */ = {isa = PBXFileReference; fileEncoding = 4; lastKnownFileType = sourcecode.c.h; path = TLDynamicSizeView.h; sourceTree = "<group>"; };
		86C6837217756A6200C3C8D2 /* TLLayerDelegate.h */ = {isa = PBXFileReference; fileEncoding = 4; lastKnownFileType = sourcecode.c.h; path = TLLayerDelegate.h; sourceTree = "<group>"; };
		86C6837317756A6200C3C8D2 /* TLLayerDelegate.m */ = {isa = PBXFileReference; fileEncoding = 4; lastKnownFileType = sourcecode.c.objc; path = TLLayerDelegate.m; sourceTree = "<group>"; };
		86C6837517756A6200C3C8D2 /* TLIndexPathTreeItem.h */ = {isa = PBXFileReference; fileEncoding = 4; lastKnownFileType = sourcecode.c.h; path = TLIndexPathTreeItem.h; sourceTree = "<group>"; };
		86C6837617756A6200C3C8D2 /* TLIndexPathTreeItem.m */ = {isa = PBXFileReference; fileEncoding = 4; lastKnownFileType = sourcecode.c.objc; path = TLIndexPathTreeItem.m; sourceTree = "<group>"; };
		86C6837717756A6200C3C8D2 /* TLTreeDataModel.h */ = {isa = PBXFileReference; fileEncoding = 4; lastKnownFileType = sourcecode.c.h; path = TLTreeDataModel.h; sourceTree = "<group>"; };
		86C6837817756A6200C3C8D2 /* TLTreeDataModel.m */ = {isa = PBXFileReference; fileEncoding = 4; lastKnownFileType = sourcecode.c.objc; path = TLTreeDataModel.m; sourceTree = "<group>"; };
		86C6837917756A6200C3C8D2 /* TLTreeTableViewController.h */ = {isa = PBXFileReference; fileEncoding = 4; lastKnownFileType = sourcecode.c.h; path = TLTreeTableViewController.h; sourceTree = "<group>"; };
		86C6837A17756A6200C3C8D2 /* TLTreeTableViewController.m */ = {isa = PBXFileReference; fileEncoding = 4; lastKnownFileType = sourcecode.c.objc; path = TLTreeTableViewController.m; sourceTree = "<group>"; };
		86C6837B17756A6200C3C8D2 /* UITableViewController+ScrollOptimizer.h */ = {isa = PBXFileReference; fileEncoding = 4; lastKnownFileType = sourcecode.c.h; path = "UITableViewController+ScrollOptimizer.h"; sourceTree = "<group>"; };
		86C6837C17756A6200C3C8D2 /* UITableViewController+ScrollOptimizer.m */ = {isa = PBXFileReference; fileEncoding = 4; lastKnownFileType = sourcecode.c.objc; path = "UITableViewController+ScrollOptimizer.m"; sourceTree = "<group>"; };
		86C6837E17756A6200C3C8D2 /* TLCollectionViewController.h */ = {isa = PBXFileReference; fileEncoding = 4; lastKnownFileType = sourcecode.c.h; path = TLCollectionViewController.h; sourceTree = "<group>"; };
		86C6837F17756A6200C3C8D2 /* TLCollectionViewController.m */ = {isa = PBXFileReference; fileEncoding = 4; lastKnownFileType = sourcecode.c.objc; path = TLCollectionViewController.m; sourceTree = "<group>"; };
		86C6838017756A6200C3C8D2 /* TLTableViewController.h */ = {isa = PBXFileReference; fileEncoding = 4; lastKnownFileType = sourcecode.c.h; path = TLTableViewController.h; sourceTree = "<group>"; };
		86C6838117756A6200C3C8D2 /* TLTableViewController.m */ = {isa = PBXFileReference; fileEncoding = 4; lastKnownFileType = sourcecode.c.objc; path = TLTableViewController.m; sourceTree = "<group>"; };
		86CCA0C5175105C800360297 /* Sort.app */ = {isa = PBXFileReference; explicitFileType = wrapper.application; includeInIndex = 0; path = Sort.app; sourceTree = BUILT_PRODUCTS_DIR; };
		86CCA0C8175105C800360297 /* UIKit.framework */ = {isa = PBXFileReference; lastKnownFileType = wrapper.framework; name = UIKit.framework; path = System/Library/Frameworks/UIKit.framework; sourceTree = SDKROOT; };
		86CCA0CA175105C800360297 /* Foundation.framework */ = {isa = PBXFileReference; lastKnownFileType = wrapper.framework; name = Foundation.framework; path = System/Library/Frameworks/Foundation.framework; sourceTree = SDKROOT; };
		86CCA0CC175105C800360297 /* CoreGraphics.framework */ = {isa = PBXFileReference; lastKnownFileType = wrapper.framework; name = CoreGraphics.framework; path = System/Library/Frameworks/CoreGraphics.framework; sourceTree = SDKROOT; };
		86CCA0D0175105C800360297 /* Sort-Info.plist */ = {isa = PBXFileReference; lastKnownFileType = text.plist.xml; path = "Sort-Info.plist"; sourceTree = "<group>"; };
		86CCA0D2175105C800360297 /* en */ = {isa = PBXFileReference; lastKnownFileType = text.plist.strings; name = en; path = en.lproj/InfoPlist.strings; sourceTree = "<group>"; };
		86CCA0D4175105C800360297 /* main.m */ = {isa = PBXFileReference; lastKnownFileType = sourcecode.c.objc; path = main.m; sourceTree = "<group>"; };
		86CCA0D6175105C800360297 /* Sort-Prefix.pch */ = {isa = PBXFileReference; lastKnownFileType = sourcecode.c.h; path = "Sort-Prefix.pch"; sourceTree = "<group>"; };
		86CCA0D7175105C800360297 /* AppDelegate.h */ = {isa = PBXFileReference; lastKnownFileType = sourcecode.c.h; path = AppDelegate.h; sourceTree = "<group>"; };
		86CCA0D8175105C800360297 /* AppDelegate.m */ = {isa = PBXFileReference; lastKnownFileType = sourcecode.c.objc; path = AppDelegate.m; sourceTree = "<group>"; };
		86CCA0DA175105C800360297 /* Default.png */ = {isa = PBXFileReference; lastKnownFileType = image.png; path = Default.png; sourceTree = "<group>"; };
		86CCA0DC175105C800360297 /* Default@2x.png */ = {isa = PBXFileReference; lastKnownFileType = image.png; path = "Default@2x.png"; sourceTree = "<group>"; };
		86CCA0DE175105C800360297 /* Default-568h@2x.png */ = {isa = PBXFileReference; lastKnownFileType = image.png; path = "Default-568h@2x.png"; sourceTree = "<group>"; };
		86CCA0E1175105C800360297 /* en */ = {isa = PBXFileReference; lastKnownFileType = file.storyboard; name = en; path = en.lproj/MainStoryboard.storyboard; sourceTree = "<group>"; };
		86CCA0EB1751060000360297 /* SortTableViewController.h */ = {isa = PBXFileReference; fileEncoding = 4; lastKnownFileType = sourcecode.c.h; path = SortTableViewController.h; sourceTree = "<group>"; };
		86CCA0EC1751060000360297 /* SortTableViewController.m */ = {isa = PBXFileReference; fileEncoding = 4; lastKnownFileType = sourcecode.c.objc; path = SortTableViewController.m; sourceTree = "<group>"; };
		86CCA12A175106D700360297 /* CoreData.framework */ = {isa = PBXFileReference; lastKnownFileType = wrapper.framework; name = CoreData.framework; path = System/Library/Frameworks/CoreData.framework; sourceTree = SDKROOT; };
		86CCA12C175106E700360297 /* QuartzCore.framework */ = {isa = PBXFileReference; lastKnownFileType = wrapper.framework; name = QuartzCore.framework; path = System/Library/Frameworks/QuartzCore.framework; sourceTree = SDKROOT; };
/* End PBXFileReference section */

/* Begin PBXFrameworksBuildPhase section */
		86CCA0C2175105C800360297 /* Frameworks */ = {
			isa = PBXFrameworksBuildPhase;
			buildActionMask = 2147483647;
			files = (
				86CCA12D175106E700360297 /* QuartzCore.framework in Frameworks */,
				86CCA12B175106D700360297 /* CoreData.framework in Frameworks */,
				86CCA0C9175105C800360297 /* UIKit.framework in Frameworks */,
				86CCA0CB175105C800360297 /* Foundation.framework in Frameworks */,
				86CCA0CD175105C800360297 /* CoreGraphics.framework in Frameworks */,
			);
			runOnlyForDeploymentPostprocessing = 0;
		};
/* End PBXFrameworksBuildPhase section */

/* Begin PBXGroup section */
		86C6834817756A6200C3C8D2 /* TLIndexPathTools */ = {
			isa = PBXGroup;
			children = (
				86C6834917756A6200C3C8D2 /* Controllers */,
				86C6834C17756A6200C3C8D2 /* Data Model */,
				86C6835517756A6200C3C8D2 /* Utils */,
				86C6837D17756A6200C3C8D2 /* View Controllers */,
			);
			name = TLIndexPathTools;
			path = ../../TLIndexPathTools;
			sourceTree = "<group>";
		};
		86C6834917756A6200C3C8D2 /* Controllers */ = {
			isa = PBXGroup;
			children = (
				86C6834A17756A6200C3C8D2 /* TLIndexPathController.h */,
				86C6834B17756A6200C3C8D2 /* TLIndexPathController.m */,
			);
			path = Controllers;
			sourceTree = "<group>";
		};
		86C6834C17756A6200C3C8D2 /* Data Model */ = {
			isa = PBXGroup;
			children = (
				86C6834D17756A6200C3C8D2 /* TLIndexPathDataModel.h */,
				86C6834E17756A6200C3C8D2 /* TLIndexPathDataModel.m */,
				86C6834F17756A6200C3C8D2 /* TLIndexPathItem.h */,
				86C6835017756A6200C3C8D2 /* TLIndexPathItem.m */,
				86C6835117756A6200C3C8D2 /* TLIndexPathSectionInfo.h */,
				86C6835217756A6200C3C8D2 /* TLIndexPathSectionInfo.m */,
				86C6835317756A6200C3C8D2 /* TLIndexPathUpdates.h */,
				86C6835417756A6200C3C8D2 /* TLIndexPathUpdates.m */,
			);
			path = "Data Model";
			sourceTree = "<group>";
		};
		86C6835517756A6200C3C8D2 /* Utils */ = {
			isa = PBXGroup;
			children = (
				86C6835617756A6200C3C8D2 /* Collapsible */,
				86C6835D17756A6200C3C8D2 /* Grid */,
				86C6836E17756A6200C3C8D2 /* No Results */,
				86C6837117756A6200C3C8D2 /* TLDynamicSizeView.h */,
				86C6837217756A6200C3C8D2 /* TLLayerDelegate.h */,
				86C6837317756A6200C3C8D2 /* TLLayerDelegate.m */,
				86C6837417756A6200C3C8D2 /* Tree */,
				86C6837B17756A6200C3C8D2 /* UITableViewController+ScrollOptimizer.h */,
				86C6837C17756A6200C3C8D2 /* UITableViewController+ScrollOptimizer.m */,
			);
			path = Utils;
			sourceTree = "<group>";
		};
		86C6835617756A6200C3C8D2 /* Collapsible */ = {
			isa = PBXGroup;
			children = (
				86C6835717756A6200C3C8D2 /* TLCollapsibleDataModel.h */,
				86C6835817756A6200C3C8D2 /* TLCollapsibleDataModel.m */,
				86C6835917756A6200C3C8D2 /* TLCollapsibleHeaderView.h */,
				86C6835A17756A6200C3C8D2 /* TLCollapsibleHeaderView.m */,
				86C6835B17756A6200C3C8D2 /* TLCollapsibleTableViewController.h */,
				86C6835C17756A6200C3C8D2 /* TLCollapsibleTableViewController.m */,
			);
			path = Collapsible;
			sourceTree = "<group>";
		};
		86C6835D17756A6200C3C8D2 /* Grid */ = {
			isa = PBXGroup;
			children = (
				86C6835E17756A6200C3C8D2 /* Data Model */,
				86C6836517756A6200C3C8D2 /* Views */,
			);
			path = Grid;
			sourceTree = "<group>";
		};
		86C6835E17756A6200C3C8D2 /* Data Model */ = {
			isa = PBXGroup;
			children = (
				86C6835F17756A6200C3C8D2 /* TLGridDataModel.h */,
				86C6836017756A6200C3C8D2 /* TLGridDataModel.m */,
				86C6836117756A6200C3C8D2 /* TLGridHeaderItem.h */,
				86C6836217756A6200C3C8D2 /* TLGridHeaderItem.m */,
				86C6836317756A6200C3C8D2 /* TLGridItem.h */,
				86C6836417756A6200C3C8D2 /* TLGridItem.m */,
			);
			path = "Data Model";
			sourceTree = "<group>";
		};
		86C6836517756A6200C3C8D2 /* Views */ = {
			isa = PBXGroup;
			children = (
				86C6836617756A6200C3C8D2 /* TLGridCellView.h */,
				86C6836717756A6200C3C8D2 /* TLGridCellView.m */,
				86C6836817756A6200C3C8D2 /* TLGridHeaderCellView.h */,
				86C6836917756A6200C3C8D2 /* TLGridHeaderCellView.m */,
				86C6836A17756A6200C3C8D2 /* TLGridHeaderRowView.h */,
				86C6836B17756A6200C3C8D2 /* TLGridHeaderRowView.m */,
				86C6836C17756A6200C3C8D2 /* TLGridRowView.h */,
				86C6836D17756A6200C3C8D2 /* TLGridRowView.m */,
			);
			path = Views;
			sourceTree = "<group>";
		};
		86C6836E17756A6200C3C8D2 /* No Results */ = {
			isa = PBXGroup;
			children = (
				86C6836F17756A6200C3C8D2 /* TLNoResultsTableDataModel.h */,
				86C6837017756A6200C3C8D2 /* TLNoResultsTableDataModel.m */,
			);
			path = "No Results";
			sourceTree = "<group>";
		};
		86C6837417756A6200C3C8D2 /* Tree */ = {
			isa = PBXGroup;
			children = (
				86C6837517756A6200C3C8D2 /* TLIndexPathTreeItem.h */,
				86C6837617756A6200C3C8D2 /* TLIndexPathTreeItem.m */,
				86C6837717756A6200C3C8D2 /* TLTreeDataModel.h */,
				86C6837817756A6200C3C8D2 /* TLTreeDataModel.m */,
				86C6837917756A6200C3C8D2 /* TLTreeTableViewController.h */,
				86C6837A17756A6200C3C8D2 /* TLTreeTableViewController.m */,
			);
			path = Tree;
			sourceTree = "<group>";
		};
		86C6837D17756A6200C3C8D2 /* View Controllers */ = {
			isa = PBXGroup;
			children = (
				86C6837E17756A6200C3C8D2 /* TLCollectionViewController.h */,
				86C6837F17756A6200C3C8D2 /* TLCollectionViewController.m */,
				86C6838017756A6200C3C8D2 /* TLTableViewController.h */,
				86C6838117756A6200C3C8D2 /* TLTableViewController.m */,
			);
			path = "View Controllers";
			sourceTree = "<group>";
		};
		86CCA0BC175105C800360297 = {
			isa = PBXGroup;
			children = (
				86C6834817756A6200C3C8D2 /* TLIndexPathTools */,
				86CCA12C175106E700360297 /* QuartzCore.framework */,
				86CCA12A175106D700360297 /* CoreData.framework */,
				86CCA0CE175105C800360297 /* Sort */,
				86CCA0C7175105C800360297 /* Frameworks */,
				86CCA0C6175105C800360297 /* Products */,
			);
			sourceTree = "<group>";
		};
		86CCA0C6175105C800360297 /* Products */ = {
			isa = PBXGroup;
			children = (
				86CCA0C5175105C800360297 /* Sort.app */,
			);
			name = Products;
			sourceTree = "<group>";
		};
		86CCA0C7175105C800360297 /* Frameworks */ = {
			isa = PBXGroup;
			children = (
				86CCA0C8175105C800360297 /* UIKit.framework */,
				86CCA0CA175105C800360297 /* Foundation.framework */,
				86CCA0CC175105C800360297 /* CoreGraphics.framework */,
			);
			name = Frameworks;
			sourceTree = "<group>";
		};
		86CCA0CE175105C800360297 /* Sort */ = {
			isa = PBXGroup;
			children = (
				86CCA0D7175105C800360297 /* AppDelegate.h */,
				86CCA0D8175105C800360297 /* AppDelegate.m */,
				86CCA0E0175105C800360297 /* MainStoryboard.storyboard */,
				86CCA0CF175105C800360297 /* Supporting Files */,
				86CCA0EB1751060000360297 /* SortTableViewController.h */,
				86CCA0EC1751060000360297 /* SortTableViewController.m */,
			);
			path = Sort;
			sourceTree = "<group>";
		};
		86CCA0CF175105C800360297 /* Supporting Files */ = {
			isa = PBXGroup;
			children = (
				86CCA0D0175105C800360297 /* Sort-Info.plist */,
				86CCA0D1175105C800360297 /* InfoPlist.strings */,
				86CCA0D4175105C800360297 /* main.m */,
				86CCA0D6175105C800360297 /* Sort-Prefix.pch */,
				86CCA0DA175105C800360297 /* Default.png */,
				86CCA0DC175105C800360297 /* Default@2x.png */,
				86CCA0DE175105C800360297 /* Default-568h@2x.png */,
			);
			name = "Supporting Files";
			sourceTree = "<group>";
		};
/* End PBXGroup section */

/* Begin PBXNativeTarget section */
		86CCA0C4175105C800360297 /* Sort */ = {
			isa = PBXNativeTarget;
			buildConfigurationList = 86CCA0E8175105C800360297 /* Build configuration list for PBXNativeTarget "Sort" */;
			buildPhases = (
				86CCA0C1175105C800360297 /* Sources */,
				86CCA0C2175105C800360297 /* Frameworks */,
				86CCA0C3175105C800360297 /* Resources */,
			);
			buildRules = (
			);
			dependencies = (
			);
			name = Sort;
			productName = Sort;
			productReference = 86CCA0C5175105C800360297 /* Sort.app */;
			productType = "com.apple.product-type.application";
		};
/* End PBXNativeTarget section */

/* Begin PBXProject section */
		86CCA0BD175105C800360297 /* Project object */ = {
			isa = PBXProject;
			attributes = {
				LastUpgradeCheck = 0460;
				ORGANIZATIONNAME = "Tractable Labs";
			};
			buildConfigurationList = 86CCA0C0175105C800360297 /* Build configuration list for PBXProject "Sort" */;
			compatibilityVersion = "Xcode 3.2";
			developmentRegion = English;
			hasScannedForEncodings = 0;
			knownRegions = (
				en,
			);
			mainGroup = 86CCA0BC175105C800360297;
			productRefGroup = 86CCA0C6175105C800360297 /* Products */;
			projectDirPath = "";
			projectRoot = "";
			targets = (
				86CCA0C4175105C800360297 /* Sort */,
			);
		};
/* End PBXProject section */

/* Begin PBXResourcesBuildPhase section */
		86CCA0C3175105C800360297 /* Resources */ = {
			isa = PBXResourcesBuildPhase;
			buildActionMask = 2147483647;
			files = (
				86CCA0D3175105C800360297 /* InfoPlist.strings in Resources */,
				86CCA0DB175105C800360297 /* Default.png in Resources */,
				86CCA0DD175105C800360297 /* Default@2x.png in Resources */,
				86CCA0DF175105C800360297 /* Default-568h@2x.png in Resources */,
				86CCA0E2175105C800360297 /* MainStoryboard.storyboard in Resources */,
			);
			runOnlyForDeploymentPostprocessing = 0;
		};
/* End PBXResourcesBuildPhase section */

/* Begin PBXSourcesBuildPhase section */
		86CCA0C1175105C800360297 /* Sources */ = {
			isa = PBXSourcesBuildPhase;
			buildActionMask = 2147483647;
			files = (
				86CCA0D5175105C800360297 /* main.m in Sources */,
				86CCA0D9175105C800360297 /* AppDelegate.m in Sources */,
				86CCA0ED1751060000360297 /* SortTableViewController.m in Sources */,
				86C6838217756A6200C3C8D2 /* TLIndexPathController.m in Sources */,
				86C6838317756A6200C3C8D2 /* TLIndexPathDataModel.m in Sources */,
				86C6838417756A6200C3C8D2 /* TLIndexPathItem.m in Sources */,
				86C6838517756A6200C3C8D2 /* TLIndexPathSectionInfo.m in Sources */,
				86C6838617756A6200C3C8D2 /* TLIndexPathUpdates.m in Sources */,
				86C6838717756A6200C3C8D2 /* TLCollapsibleDataModel.m in Sources */,
				86C6838817756A6200C3C8D2 /* TLCollapsibleHeaderView.m in Sources */,
				86C6838917756A6200C3C8D2 /* TLCollapsibleTableViewController.m in Sources */,
				86C6838A17756A6200C3C8D2 /* TLGridDataModel.m in Sources */,
				86C6838B17756A6200C3C8D2 /* TLGridHeaderItem.m in Sources */,
				86C6838C17756A6200C3C8D2 /* TLGridItem.m in Sources */,
				86C6838D17756A6200C3C8D2 /* TLGridCellView.m in Sources */,
				86C6838E17756A6200C3C8D2 /* TLGridHeaderCellView.m in Sources */,
				86C6838F17756A6200C3C8D2 /* TLGridHeaderRowView.m in Sources */,
				86C6839017756A6200C3C8D2 /* TLGridRowView.m in Sources */,
				86C6839117756A6200C3C8D2 /* TLNoResultsTableDataModel.m in Sources */,
				86C6839217756A6200C3C8D2 /* TLLayerDelegate.m in Sources */,
				86C6839317756A6200C3C8D2 /* TLIndexPathTreeItem.m in Sources */,
				86C6839417756A6200C3C8D2 /* TLTreeDataModel.m in Sources */,
				86C6839517756A6200C3C8D2 /* TLTreeTableViewController.m in Sources */,
				86C6839617756A6200C3C8D2 /* UITableViewController+ScrollOptimizer.m in Sources */,
				86C6839717756A6200C3C8D2 /* TLCollectionViewController.m in Sources */,
				86C6839817756A6200C3C8D2 /* TLTableViewController.m in Sources */,
			);
			runOnlyForDeploymentPostprocessing = 0;
		};
/* End PBXSourcesBuildPhase section */

/* Begin PBXVariantGroup section */
		86CCA0D1175105C800360297 /* InfoPlist.strings */ = {
			isa = PBXVariantGroup;
			children = (
				86CCA0D2175105C800360297 /* en */,
			);
			name = InfoPlist.strings;
			sourceTree = "<group>";
		};
		86CCA0E0175105C800360297 /* MainStoryboard.storyboard */ = {
			isa = PBXVariantGroup;
			children = (
				86CCA0E1175105C800360297 /* en */,
			);
			name = MainStoryboard.storyboard;
			sourceTree = "<group>";
		};
/* End PBXVariantGroup section */

/* Begin XCBuildConfiguration section */
		86CCA0E6175105C800360297 /* Debug */ = {
			isa = XCBuildConfiguration;
			buildSettings = {
				ALWAYS_SEARCH_USER_PATHS = NO;
				CLANG_CXX_LANGUAGE_STANDARD = "gnu++0x";
				CLANG_CXX_LIBRARY = "libc++";
				CLANG_ENABLE_OBJC_ARC = YES;
				CLANG_WARN_CONSTANT_CONVERSION = YES;
				CLANG_WARN_EMPTY_BODY = YES;
				CLANG_WARN_ENUM_CONVERSION = YES;
				CLANG_WARN_INT_CONVERSION = YES;
				CLANG_WARN__DUPLICATE_METHOD_MATCH = YES;
				"CODE_SIGN_IDENTITY[sdk=iphoneos*]" = "iPhone Developer";
				COPY_PHASE_STRIP = NO;
				GCC_C_LANGUAGE_STANDARD = gnu99;
				GCC_DYNAMIC_NO_PIC = NO;
				GCC_OPTIMIZATION_LEVEL = 0;
				GCC_PREPROCESSOR_DEFINITIONS = (
					"DEBUG=1",
					"$(inherited)",
				);
				GCC_SYMBOLS_PRIVATE_EXTERN = NO;
				GCC_WARN_ABOUT_RETURN_TYPE = YES;
				GCC_WARN_UNINITIALIZED_AUTOS = YES;
				GCC_WARN_UNUSED_VARIABLE = YES;
				IPHONEOS_DEPLOYMENT_TARGET = 6.1;
				ONLY_ACTIVE_ARCH = YES;
				SDKROOT = iphoneos;
			};
			name = Debug;
		};
		86CCA0E7175105C800360297 /* Release */ = {
			isa = XCBuildConfiguration;
			buildSettings = {
				ALWAYS_SEARCH_USER_PATHS = NO;
				CLANG_CXX_LANGUAGE_STANDARD = "gnu++0x";
				CLANG_CXX_LIBRARY = "libc++";
				CLANG_ENABLE_OBJC_ARC = YES;
				CLANG_WARN_CONSTANT_CONVERSION = YES;
				CLANG_WARN_EMPTY_BODY = YES;
				CLANG_WARN_ENUM_CONVERSION = YES;
				CLANG_WARN_INT_CONVERSION = YES;
				CLANG_WARN__DUPLICATE_METHOD_MATCH = YES;
				"CODE_SIGN_IDENTITY[sdk=iphoneos*]" = "iPhone Developer";
				COPY_PHASE_STRIP = YES;
				GCC_C_LANGUAGE_STANDARD = gnu99;
				GCC_WARN_ABOUT_RETURN_TYPE = YES;
				GCC_WARN_UNINITIALIZED_AUTOS = YES;
				GCC_WARN_UNUSED_VARIABLE = YES;
				IPHONEOS_DEPLOYMENT_TARGET = 6.1;
				OTHER_CFLAGS = "-DNS_BLOCK_ASSERTIONS=1";
				SDKROOT = iphoneos;
				VALIDATE_PRODUCT = YES;
			};
			name = Release;
		};
		86CCA0E9175105C800360297 /* Debug */ = {
			isa = XCBuildConfiguration;
			buildSettings = {
				GCC_PRECOMPILE_PREFIX_HEADER = YES;
				GCC_PREFIX_HEADER = "Sort/Sort-Prefix.pch";
				INFOPLIST_FILE = "Sort/Sort-Info.plist";
				PRODUCT_NAME = "$(TARGET_NAME)";
				WRAPPER_EXTENSION = app;
			};
			name = Debug;
		};
		86CCA0EA175105C800360297 /* Release */ = {
			isa = XCBuildConfiguration;
			buildSettings = {
				GCC_PRECOMPILE_PREFIX_HEADER = YES;
				GCC_PREFIX_HEADER = "Sort/Sort-Prefix.pch";
				INFOPLIST_FILE = "Sort/Sort-Info.plist";
				PRODUCT_NAME = "$(TARGET_NAME)";
				WRAPPER_EXTENSION = app;
			};
			name = Release;
		};
/* End XCBuildConfiguration section */

/* Begin XCConfigurationList section */
		86CCA0C0175105C800360297 /* Build configuration list for PBXProject "Sort" */ = {
			isa = XCConfigurationList;
			buildConfigurations = (
				86CCA0E6175105C800360297 /* Debug */,
				86CCA0E7175105C800360297 /* Release */,
			);
			defaultConfigurationIsVisible = 0;
			defaultConfigurationName = Release;
		};
		86CCA0E8175105C800360297 /* Build configuration list for PBXNativeTarget "Sort" */ = {
			isa = XCConfigurationList;
			buildConfigurations = (
				86CCA0E9175105C800360297 /* Debug */,
				86CCA0EA175105C800360297 /* Release */,
			);
			defaultConfigurationIsVisible = 0;
			defaultConfigurationName = Release;
		};
/* End XCConfigurationList section */
	};
	rootObject = 86CCA0BD175105C800360297 /* Project object */;
}
