// !$*UTF8*$!
{
	archiveVersion = 1;
	classes = {
	};
	objectVersion = 46;
	objects = {

/* Begin PBXBuildFile section */
		86A193ED16BA2786008C4A8B /* UIKit.framework in Frameworks */ = {isa = PBXBuildFile; fileRef = 86A193EC16BA2786008C4A8B /* UIKit.framework */; };
		86A193EF16BA2786008C4A8B /* Foundation.framework in Frameworks */ = {isa = PBXBuildFile; fileRef = 86A193EE16BA2786008C4A8B /* Foundation.framework */; };
		86A193F116BA2786008C4A8B /* CoreGraphics.framework in Frameworks */ = {isa = PBXBuildFile; fileRef = 86A193F016BA2786008C4A8B /* CoreGraphics.framework */; };
		86A193F716BA2786008C4A8B /* InfoPlist.strings in Resources */ = {isa = PBXBuildFile; fileRef = 86A193F516BA2786008C4A8B /* InfoPlist.strings */; };
		86A193F916BA2786008C4A8B /* main.m in Sources */ = {isa = PBXBuildFile; fileRef = 86A193F816BA2786008C4A8B /* main.m */; };
		86A193FD16BA2786008C4A8B /* AppDelegate.m in Sources */ = {isa = PBXBuildFile; fileRef = 86A193FC16BA2786008C4A8B /* AppDelegate.m */; };
		86A193FF16BA2786008C4A8B /* Default.png in Resources */ = {isa = PBXBuildFile; fileRef = 86A193FE16BA2786008C4A8B /* Default.png */; };
		86A1940116BA2786008C4A8B /* Default@2x.png in Resources */ = {isa = PBXBuildFile; fileRef = 86A1940016BA2786008C4A8B /* Default@2x.png */; };
		86A1940316BA2786008C4A8B /* Default-568h@2x.png in Resources */ = {isa = PBXBuildFile; fileRef = 86A1940216BA2786008C4A8B /* Default-568h@2x.png */; };
		86A1940616BA2786008C4A8B /* MainStoryboard.storyboard in Resources */ = {isa = PBXBuildFile; fileRef = 86A1940416BA2786008C4A8B /* MainStoryboard.storyboard */; };
		86A1940916BA2786008C4A8B /* ViewController.m in Sources */ = {isa = PBXBuildFile; fileRef = 86A1940816BA2786008C4A8B /* ViewController.m */; };
		86A1943D16BA2BEB008C4A8B /* TLCoreDataCollectionViewController.m in Sources */ = {isa = PBXBuildFile; fileRef = 86A1942D16BA2BEB008C4A8B /* TLCoreDataCollectionViewController.m */; };
		86A1943F16BA2BEB008C4A8B /* TLInMemoryFetchedResultsController.m in Sources */ = {isa = PBXBuildFile; fileRef = 86A1943116BA2BEB008C4A8B /* TLInMemoryFetchedResultsController.m */; };
		86A1944016BA2BEB008C4A8B /* TLTableViewController.m in Sources */ = {isa = PBXBuildFile; fileRef = 86A1943316BA2BEB008C4A8B /* TLTableViewController.m */; };
		86A1944116BA2BEB008C4A8B /* TLIndexPathDataModel.m in Sources */ = {isa = PBXBuildFile; fileRef = 86A1943616BA2BEB008C4A8B /* TLIndexPathDataModel.m */; };
		86A1944216BA2BEB008C4A8B /* TLIndexPathDataModelUpdates.m in Sources */ = {isa = PBXBuildFile; fileRef = 86A1943816BA2BEB008C4A8B /* TLIndexPathDataModelUpdates.m */; };
		86A1944316BA2BEB008C4A8B /* TLIndexPathItem.m in Sources */ = {isa = PBXBuildFile; fileRef = 86A1943A16BA2BEB008C4A8B /* TLIndexPathItem.m */; };
		86A1944416BA2BEB008C4A8B /* TLNoResultsTableDataModel.m in Sources */ = {isa = PBXBuildFile; fileRef = 86A1943C16BA2BEB008C4A8B /* TLNoResultsTableDataModel.m */; };
		86A1944616BA3128008C4A8B /* CoreData.framework in Frameworks */ = {isa = PBXBuildFile; fileRef = 86A1944516BA3128008C4A8B /* CoreData.framework */; };
/* End PBXBuildFile section */

/* Begin PBXFileReference section */
		86A193E916BA2786008C4A8B /* SortExample.app */ = {isa = PBXFileReference; explicitFileType = wrapper.application; includeInIndex = 0; path = SortExample.app; sourceTree = BUILT_PRODUCTS_DIR; };
		86A193EC16BA2786008C4A8B /* UIKit.framework */ = {isa = PBXFileReference; lastKnownFileType = wrapper.framework; name = UIKit.framework; path = System/Library/Frameworks/UIKit.framework; sourceTree = SDKROOT; };
		86A193EE16BA2786008C4A8B /* Foundation.framework */ = {isa = PBXFileReference; lastKnownFileType = wrapper.framework; name = Foundation.framework; path = System/Library/Frameworks/Foundation.framework; sourceTree = SDKROOT; };
		86A193F016BA2786008C4A8B /* CoreGraphics.framework */ = {isa = PBXFileReference; lastKnownFileType = wrapper.framework; name = CoreGraphics.framework; path = System/Library/Frameworks/CoreGraphics.framework; sourceTree = SDKROOT; };
		86A193F416BA2786008C4A8B /* SortExample-Info.plist */ = {isa = PBXFileReference; lastKnownFileType = text.plist.xml; path = "SortExample-Info.plist"; sourceTree = "<group>"; };
		86A193F616BA2786008C4A8B /* en */ = {isa = PBXFileReference; lastKnownFileType = text.plist.strings; name = en; path = en.lproj/InfoPlist.strings; sourceTree = "<group>"; };
		86A193F816BA2786008C4A8B /* main.m */ = {isa = PBXFileReference; lastKnownFileType = sourcecode.c.objc; path = main.m; sourceTree = "<group>"; };
		86A193FA16BA2786008C4A8B /* SortExample-Prefix.pch */ = {isa = PBXFileReference; lastKnownFileType = sourcecode.c.h; path = "SortExample-Prefix.pch"; sourceTree = "<group>"; };
		86A193FB16BA2786008C4A8B /* AppDelegate.h */ = {isa = PBXFileReference; lastKnownFileType = sourcecode.c.h; path = AppDelegate.h; sourceTree = "<group>"; };
		86A193FC16BA2786008C4A8B /* AppDelegate.m */ = {isa = PBXFileReference; lastKnownFileType = sourcecode.c.objc; path = AppDelegate.m; sourceTree = "<group>"; };
		86A193FE16BA2786008C4A8B /* Default.png */ = {isa = PBXFileReference; lastKnownFileType = image.png; path = Default.png; sourceTree = "<group>"; };
		86A1940016BA2786008C4A8B /* Default@2x.png */ = {isa = PBXFileReference; lastKnownFileType = image.png; path = "Default@2x.png"; sourceTree = "<group>"; };
		86A1940216BA2786008C4A8B /* Default-568h@2x.png */ = {isa = PBXFileReference; lastKnownFileType = image.png; path = "Default-568h@2x.png"; sourceTree = "<group>"; };
		86A1940516BA2786008C4A8B /* en */ = {isa = PBXFileReference; lastKnownFileType = file.storyboard; name = en; path = en.lproj/MainStoryboard.storyboard; sourceTree = "<group>"; };
		86A1940716BA2786008C4A8B /* ViewController.h */ = {isa = PBXFileReference; lastKnownFileType = sourcecode.c.h; path = ViewController.h; sourceTree = "<group>"; };
		86A1940816BA2786008C4A8B /* ViewController.m */ = {isa = PBXFileReference; lastKnownFileType = sourcecode.c.objc; path = ViewController.m; sourceTree = "<group>"; };
		86A1942C16BA2BEB008C4A8B /* TLCoreDataCollectionViewController.h */ = {isa = PBXFileReference; fileEncoding = 4; lastKnownFileType = sourcecode.c.h; path = TLCoreDataCollectionViewController.h; sourceTree = "<group>"; };
		86A1942D16BA2BEB008C4A8B /* TLCoreDataCollectionViewController.m */ = {isa = PBXFileReference; fileEncoding = 4; lastKnownFileType = sourcecode.c.objc; path = TLCoreDataCollectionViewController.m; sourceTree = "<group>"; };
		86A1943016BA2BEB008C4A8B /* TLInMemoryFetchedResultsController.h */ = {isa = PBXFileReference; fileEncoding = 4; lastKnownFileType = sourcecode.c.h; path = TLInMemoryFetchedResultsController.h; sourceTree = "<group>"; };
		86A1943116BA2BEB008C4A8B /* TLInMemoryFetchedResultsController.m */ = {isa = PBXFileReference; fileEncoding = 4; lastKnownFileType = sourcecode.c.objc; path = TLInMemoryFetchedResultsController.m; sourceTree = "<group>"; };
		86A1943216BA2BEB008C4A8B /* TLTableViewController.h */ = {isa = PBXFileReference; fileEncoding = 4; lastKnownFileType = sourcecode.c.h; path = TLTableViewController.h; sourceTree = "<group>"; };
		86A1943316BA2BEB008C4A8B /* TLTableViewController.m */ = {isa = PBXFileReference; fileEncoding = 4; lastKnownFileType = sourcecode.c.objc; path = TLTableViewController.m; sourceTree = "<group>"; };
		86A1943516BA2BEB008C4A8B /* TLIndexPathDataModel.h */ = {isa = PBXFileReference; fileEncoding = 4; lastKnownFileType = sourcecode.c.h; path = TLIndexPathDataModel.h; sourceTree = "<group>"; };
		86A1943616BA2BEB008C4A8B /* TLIndexPathDataModel.m */ = {isa = PBXFileReference; fileEncoding = 4; lastKnownFileType = sourcecode.c.objc; path = TLIndexPathDataModel.m; sourceTree = "<group>"; };
		86A1943716BA2BEB008C4A8B /* TLIndexPathDataModelUpdates.h */ = {isa = PBXFileReference; fileEncoding = 4; lastKnownFileType = sourcecode.c.h; path = TLIndexPathDataModelUpdates.h; sourceTree = "<group>"; };
		86A1943816BA2BEB008C4A8B /* TLIndexPathDataModelUpdates.m */ = {isa = PBXFileReference; fileEncoding = 4; lastKnownFileType = sourcecode.c.objc; path = TLIndexPathDataModelUpdates.m; sourceTree = "<group>"; };
		86A1943916BA2BEB008C4A8B /* TLIndexPathItem.h */ = {isa = PBXFileReference; fileEncoding = 4; lastKnownFileType = sourcecode.c.h; path = TLIndexPathItem.h; sourceTree = "<group>"; };
		86A1943A16BA2BEB008C4A8B /* TLIndexPathItem.m */ = {isa = PBXFileReference; fileEncoding = 4; lastKnownFileType = sourcecode.c.objc; path = TLIndexPathItem.m; sourceTree = "<group>"; };
		86A1943B16BA2BEB008C4A8B /* TLNoResultsTableDataModel.h */ = {isa = PBXFileReference; fileEncoding = 4; lastKnownFileType = sourcecode.c.h; path = TLNoResultsTableDataModel.h; sourceTree = "<group>"; };
		86A1943C16BA2BEB008C4A8B /* TLNoResultsTableDataModel.m */ = {isa = PBXFileReference; fileEncoding = 4; lastKnownFileType = sourcecode.c.objc; path = TLNoResultsTableDataModel.m; sourceTree = "<group>"; };
		86A1944516BA3128008C4A8B /* CoreData.framework */ = {isa = PBXFileReference; lastKnownFileType = wrapper.framework; name = CoreData.framework; path = System/Library/Frameworks/CoreData.framework; sourceTree = SDKROOT; };
/* End PBXFileReference section */

/* Begin PBXFrameworksBuildPhase section */
		86A193E616BA2786008C4A8B /* Frameworks */ = {
			isa = PBXFrameworksBuildPhase;
			buildActionMask = 2147483647;
			files = (
				86A1944616BA3128008C4A8B /* CoreData.framework in Frameworks */,
				86A193ED16BA2786008C4A8B /* UIKit.framework in Frameworks */,
				86A193EF16BA2786008C4A8B /* Foundation.framework in Frameworks */,
				86A193F116BA2786008C4A8B /* CoreGraphics.framework in Frameworks */,
			);
			runOnlyForDeploymentPostprocessing = 0;
		};
/* End PBXFrameworksBuildPhase section */

/* Begin PBXGroup section */
		86A193E016BA2786008C4A8B = {
			isa = PBXGroup;
			children = (
				86A1944516BA3128008C4A8B /* CoreData.framework */,
				86A193EB16BA2786008C4A8B /* Frameworks */,
				86A193EA16BA2786008C4A8B /* Products */,
				86A193F216BA2786008C4A8B /* SortExample */,
				86A1940F16BA2870008C4A8B /* Vendor */,
			);
			sourceTree = "<group>";
		};
		86A193EA16BA2786008C4A8B /* Products */ = {
			isa = PBXGroup;
			children = (
				86A193E916BA2786008C4A8B /* SortExample.app */,
			);
			name = Products;
			sourceTree = "<group>";
		};
		86A193EB16BA2786008C4A8B /* Frameworks */ = {
			isa = PBXGroup;
			children = (
				86A193EC16BA2786008C4A8B /* UIKit.framework */,
				86A193EE16BA2786008C4A8B /* Foundation.framework */,
				86A193F016BA2786008C4A8B /* CoreGraphics.framework */,
			);
			name = Frameworks;
			sourceTree = "<group>";
		};
		86A193F216BA2786008C4A8B /* SortExample */ = {
			isa = PBXGroup;
			children = (
				86A193FB16BA2786008C4A8B /* AppDelegate.h */,
				86A193FC16BA2786008C4A8B /* AppDelegate.m */,
				86A1940416BA2786008C4A8B /* MainStoryboard.storyboard */,
				86A1940716BA2786008C4A8B /* ViewController.h */,
				86A1940816BA2786008C4A8B /* ViewController.m */,
				86A193F316BA2786008C4A8B /* Supporting Files */,
			);
			path = SortExample;
			sourceTree = "<group>";
		};
		86A193F316BA2786008C4A8B /* Supporting Files */ = {
			isa = PBXGroup;
			children = (
				86A193F416BA2786008C4A8B /* SortExample-Info.plist */,
				86A193F516BA2786008C4A8B /* InfoPlist.strings */,
				86A193F816BA2786008C4A8B /* main.m */,
				86A193FA16BA2786008C4A8B /* SortExample-Prefix.pch */,
				86A193FE16BA2786008C4A8B /* Default.png */,
				86A1940016BA2786008C4A8B /* Default@2x.png */,
				86A1940216BA2786008C4A8B /* Default-568h@2x.png */,
			);
			name = "Supporting Files";
			sourceTree = "<group>";
		};
		86A1940F16BA2870008C4A8B /* Vendor */ = {
			isa = PBXGroup;
			children = (
				86A1941016BA28C8008C4A8B /* TLIndexPathTools */,
			);
			name = Vendor;
			sourceTree = "<group>";
		};
		86A1941016BA28C8008C4A8B /* TLIndexPathTools */ = {
			isa = PBXGroup;
			children = (
				86A1942B16BA2BEB008C4A8B /* Controllers */,
				86A1943416BA2BEB008C4A8B /* Data Models */,
			);
			name = TLIndexPathTools;
			sourceTree = "<group>";
		};
		86A1942B16BA2BEB008C4A8B /* Controllers */ = {
			isa = PBXGroup;
			children = (
				86A1942C16BA2BEB008C4A8B /* TLCoreDataCollectionViewController.h */,
				86A1942D16BA2BEB008C4A8B /* TLCoreDataCollectionViewController.m */,
				86A1943016BA2BEB008C4A8B /* TLInMemoryFetchedResultsController.h */,
				86A1943116BA2BEB008C4A8B /* TLInMemoryFetchedResultsController.m */,
				86A1943216BA2BEB008C4A8B /* TLTableViewController.h */,
				86A1943316BA2BEB008C4A8B /* TLTableViewController.m */,
			);
			name = Controllers;
			path = ../Controllers;
			sourceTree = "<group>";
		};
		86A1943416BA2BEB008C4A8B /* Data Models */ = {
			isa = PBXGroup;
			children = (
				86A1943516BA2BEB008C4A8B /* TLIndexPathDataModel.h */,
				86A1943616BA2BEB008C4A8B /* TLIndexPathDataModel.m */,
				86A1943716BA2BEB008C4A8B /* TLIndexPathDataModelUpdates.h */,
				86A1943816BA2BEB008C4A8B /* TLIndexPathDataModelUpdates.m */,
				86A1943916BA2BEB008C4A8B /* TLIndexPathItem.h */,
				86A1943A16BA2BEB008C4A8B /* TLIndexPathItem.m */,
				86A1943B16BA2BEB008C4A8B /* TLNoResultsTableDataModel.h */,
				86A1943C16BA2BEB008C4A8B /* TLNoResultsTableDataModel.m */,
			);
			name = "Data Models";
			path = "../Data Models";
			sourceTree = "<group>";
		};
/* End PBXGroup section */

/* Begin PBXNativeTarget section */
		86A193E816BA2786008C4A8B /* SortExample */ = {
			isa = PBXNativeTarget;
			buildConfigurationList = 86A1940C16BA2786008C4A8B /* Build configuration list for PBXNativeTarget "SortExample" */;
			buildPhases = (
				86A193E516BA2786008C4A8B /* Sources */,
				86A193E616BA2786008C4A8B /* Frameworks */,
				86A193E716BA2786008C4A8B /* Resources */,
			);
			buildRules = (
			);
			dependencies = (
			);
			name = SortExample;
			productName = SortExample;
			productReference = 86A193E916BA2786008C4A8B /* SortExample.app */;
			productType = "com.apple.product-type.application";
		};
/* End PBXNativeTarget section */

/* Begin PBXProject section */
		86A193E116BA2786008C4A8B /* Project object */ = {
			isa = PBXProject;
			attributes = {
				LastUpgradeCheck = 0460;
				ORGANIZATIONNAME = "Tractable Labs";
			};
			buildConfigurationList = 86A193E416BA2786008C4A8B /* Build configuration list for PBXProject "SortExample" */;
			compatibilityVersion = "Xcode 3.2";
			developmentRegion = English;
			hasScannedForEncodings = 0;
			knownRegions = (
				en,
			);
			mainGroup = 86A193E016BA2786008C4A8B;
			productRefGroup = 86A193EA16BA2786008C4A8B /* Products */;
			projectDirPath = "";
			projectRoot = "";
			targets = (
				86A193E816BA2786008C4A8B /* SortExample */,
			);
		};
/* End PBXProject section */

/* Begin PBXResourcesBuildPhase section */
		86A193E716BA2786008C4A8B /* Resources */ = {
			isa = PBXResourcesBuildPhase;
			buildActionMask = 2147483647;
			files = (
				86A193F716BA2786008C4A8B /* InfoPlist.strings in Resources */,
				86A193FF16BA2786008C4A8B /* Default.png in Resources */,
				86A1940116BA2786008C4A8B /* Default@2x.png in Resources */,
				86A1940316BA2786008C4A8B /* Default-568h@2x.png in Resources */,
				86A1940616BA2786008C4A8B /* MainStoryboard.storyboard in Resources */,
			);
			runOnlyForDeploymentPostprocessing = 0;
		};
/* End PBXResourcesBuildPhase section */

/* Begin PBXSourcesBuildPhase section */
		86A193E516BA2786008C4A8B /* Sources */ = {
			isa = PBXSourcesBuildPhase;
			buildActionMask = 2147483647;
			files = (
				86A193F916BA2786008C4A8B /* main.m in Sources */,
				86A193FD16BA2786008C4A8B /* AppDelegate.m in Sources */,
				86A1940916BA2786008C4A8B /* ViewController.m in Sources */,
				86A1943D16BA2BEB008C4A8B /* TLCoreDataCollectionViewController.m in Sources */,
				86A1943F16BA2BEB008C4A8B /* TLInMemoryFetchedResultsController.m in Sources */,
				86A1944016BA2BEB008C4A8B /* TLTableViewController.m in Sources */,
				86A1944116BA2BEB008C4A8B /* TLIndexPathDataModel.m in Sources */,
				86A1944216BA2BEB008C4A8B /* TLIndexPathDataModelUpdates.m in Sources */,
				86A1944316BA2BEB008C4A8B /* TLIndexPathItem.m in Sources */,
				86A1944416BA2BEB008C4A8B /* TLNoResultsTableDataModel.m in Sources */,
			);
			runOnlyForDeploymentPostprocessing = 0;
		};
/* End PBXSourcesBuildPhase section */

/* Begin PBXVariantGroup section */
		86A193F516BA2786008C4A8B /* InfoPlist.strings */ = {
			isa = PBXVariantGroup;
			children = (
				86A193F616BA2786008C4A8B /* en */,
			);
			name = InfoPlist.strings;
			sourceTree = "<group>";
		};
		86A1940416BA2786008C4A8B /* MainStoryboard.storyboard */ = {
			isa = PBXVariantGroup;
			children = (
				86A1940516BA2786008C4A8B /* en */,
			);
			name = MainStoryboard.storyboard;
			sourceTree = "<group>";
		};
/* End PBXVariantGroup section */

/* Begin XCBuildConfiguration section */
		86A1940A16BA2786008C4A8B /* Debug */ = {
			isa = XCBuildConfiguration;
			buildSettings = {
				ALWAYS_SEARCH_USER_PATHS = NO;
				CLANG_CXX_LANGUAGE_STANDARD = "gnu++0x";
				CLANG_CXX_LIBRARY = "libc++";
				CLANG_ENABLE_OBJC_ARC = YES;
				CLANG_WARN_CONSTANT_CONVERSION = YES;
				CLANG_WARN_EMPTY_BODY = YES;
				CLANG_WARN_ENUM_CONVERSION = YES;
				CLANG_WARN_INT_CONVERSION = YES;
				CLANG_WARN__DUPLICATE_METHOD_MATCH = YES;
				"CODE_SIGN_IDENTITY[sdk=iphoneos*]" = "iPhone Developer";
				COPY_PHASE_STRIP = NO;
				GCC_C_LANGUAGE_STANDARD = gnu99;
				GCC_DYNAMIC_NO_PIC = NO;
				GCC_OPTIMIZATION_LEVEL = 0;
				GCC_PREPROCESSOR_DEFINITIONS = (
					"DEBUG=1",
					"$(inherited)",
				);
				GCC_SYMBOLS_PRIVATE_EXTERN = NO;
				GCC_WARN_ABOUT_RETURN_TYPE = YES;
				GCC_WARN_UNINITIALIZED_AUTOS = YES;
				GCC_WARN_UNUSED_VARIABLE = YES;
				IPHONEOS_DEPLOYMENT_TARGET = 6.1;
				ONLY_ACTIVE_ARCH = YES;
				SDKROOT = iphoneos;
			};
			name = Debug;
		};
		86A1940B16BA2786008C4A8B /* Release */ = {
			isa = XCBuildConfiguration;
			buildSettings = {
				ALWAYS_SEARCH_USER_PATHS = NO;
				CLANG_CXX_LANGUAGE_STANDARD = "gnu++0x";
				CLANG_CXX_LIBRARY = "libc++";
				CLANG_ENABLE_OBJC_ARC = YES;
				CLANG_WARN_CONSTANT_CONVERSION = YES;
				CLANG_WARN_EMPTY_BODY = YES;
				CLANG_WARN_ENUM_CONVERSION = YES;
				CLANG_WARN_INT_CONVERSION = YES;
				CLANG_WARN__DUPLICATE_METHOD_MATCH = YES;
				"CODE_SIGN_IDENTITY[sdk=iphoneos*]" = "iPhone Developer";
				COPY_PHASE_STRIP = YES;
				GCC_C_LANGUAGE_STANDARD = gnu99;
				GCC_WARN_ABOUT_RETURN_TYPE = YES;
				GCC_WARN_UNINITIALIZED_AUTOS = YES;
				GCC_WARN_UNUSED_VARIABLE = YES;
				IPHONEOS_DEPLOYMENT_TARGET = 6.1;
				OTHER_CFLAGS = "-DNS_BLOCK_ASSERTIONS=1";
				SDKROOT = iphoneos;
				VALIDATE_PRODUCT = YES;
			};
			name = Release;
		};
		86A1940D16BA2786008C4A8B /* Debug */ = {
			isa = XCBuildConfiguration;
			buildSettings = {
				GCC_PRECOMPILE_PREFIX_HEADER = YES;
				GCC_PREFIX_HEADER = "SortExample/SortExample-Prefix.pch";
				INFOPLIST_FILE = "SortExample/SortExample-Info.plist";
				PRODUCT_NAME = "$(TARGET_NAME)";
				WRAPPER_EXTENSION = app;
			};
			name = Debug;
		};
		86A1940E16BA2786008C4A8B /* Release */ = {
			isa = XCBuildConfiguration;
			buildSettings = {
				GCC_PRECOMPILE_PREFIX_HEADER = YES;
				GCC_PREFIX_HEADER = "SortExample/SortExample-Prefix.pch";
				INFOPLIST_FILE = "SortExample/SortExample-Info.plist";
				PRODUCT_NAME = "$(TARGET_NAME)";
				WRAPPER_EXTENSION = app;
			};
			name = Release;
		};
/* End XCBuildConfiguration section */

/* Begin XCConfigurationList section */
		86A193E416BA2786008C4A8B /* Build configuration list for PBXProject "SortExample" */ = {
			isa = XCConfigurationList;
			buildConfigurations = (
				86A1940A16BA2786008C4A8B /* Debug */,
				86A1940B16BA2786008C4A8B /* Release */,
			);
			defaultConfigurationIsVisible = 0;
			defaultConfigurationName = Release;
		};
		86A1940C16BA2786008C4A8B /* Build configuration list for PBXNativeTarget "SortExample" */ = {
			isa = XCConfigurationList;
			buildConfigurations = (
				86A1940D16BA2786008C4A8B /* Debug */,
				86A1940E16BA2786008C4A8B /* Release */,
			);
			defaultConfigurationIsVisible = 0;
		};
/* End XCConfigurationList section */
	};
	rootObject = 86A193E116BA2786008C4A8B /* Project object */;
}
