// !$*UTF8*$!
{
	archiveVersion = 1;
	classes = {
	};
	objectVersion = 46;
	objects = {

/* Begin PBXBuildFile section */
		8604AE6217616E63005B1299 /* UIKit.framework in Frameworks */ = {isa = PBXBuildFile; fileRef = 8604AE6117616E63005B1299 /* UIKit.framework */; };
		8604AE6417616E63005B1299 /* Foundation.framework in Frameworks */ = {isa = PBXBuildFile; fileRef = 8604AE6317616E63005B1299 /* Foundation.framework */; };
		8604AE6617616E63005B1299 /* CoreGraphics.framework in Frameworks */ = {isa = PBXBuildFile; fileRef = 8604AE6517616E63005B1299 /* CoreGraphics.framework */; };
		8604AE6C17616E63005B1299 /* InfoPlist.strings in Resources */ = {isa = PBXBuildFile; fileRef = 8604AE6A17616E63005B1299 /* InfoPlist.strings */; };
		8604AE6E17616E63005B1299 /* main.m in Sources */ = {isa = PBXBuildFile; fileRef = 8604AE6D17616E63005B1299 /* main.m */; };
		8604AE7217616E63005B1299 /* AppDelegate.m in Sources */ = {isa = PBXBuildFile; fileRef = 8604AE7117616E63005B1299 /* AppDelegate.m */; };
		8604AE7417616E63005B1299 /* Default.png in Resources */ = {isa = PBXBuildFile; fileRef = 8604AE7317616E63005B1299 /* Default.png */; };
		8604AE7617616E63005B1299 /* Default@2x.png in Resources */ = {isa = PBXBuildFile; fileRef = 8604AE7517616E63005B1299 /* Default@2x.png */; };
		8604AE7817616E63005B1299 /* Default-568h@2x.png in Resources */ = {isa = PBXBuildFile; fileRef = 8604AE7717616E63005B1299 /* Default-568h@2x.png */; };
		8604AE7B17616E63005B1299 /* MainStoryboard.storyboard in Resources */ = {isa = PBXBuildFile; fileRef = 8604AE7917616E63005B1299 /* MainStoryboard.storyboard */; };
		8604AEBF17616E92005B1299 /* TLIndexPathController.m in Sources */ = {isa = PBXBuildFile; fileRef = 8604AE8717616E91005B1299 /* TLIndexPathController.m */; };
		8604AEC017616E92005B1299 /* TLIndexPathDataModel.m in Sources */ = {isa = PBXBuildFile; fileRef = 8604AE8A17616E91005B1299 /* TLIndexPathDataModel.m */; };
		8604AEC117616E92005B1299 /* TLIndexPathItem.m in Sources */ = {isa = PBXBuildFile; fileRef = 8604AE8C17616E91005B1299 /* TLIndexPathItem.m */; };
		8604AEC217616E92005B1299 /* TLIndexPathSectionInfo.m in Sources */ = {isa = PBXBuildFile; fileRef = 8604AE8E17616E91005B1299 /* TLIndexPathSectionInfo.m */; };
		8604AEC317616E92005B1299 /* TLIndexPathUpdates.m in Sources */ = {isa = PBXBuildFile; fileRef = 8604AE9017616E91005B1299 /* TLIndexPathUpdates.m */; };
		8604AEC417616E92005B1299 /* TLNoResultsTableDataModel.m in Sources */ = {isa = PBXBuildFile; fileRef = 8604AE9217616E91005B1299 /* TLNoResultsTableDataModel.m */; };
		8604AEC517616E92005B1299 /* DynamicHeightCell.m in Sources */ = {isa = PBXBuildFile; fileRef = 8604AE9417616E91005B1299 /* DynamicHeightCell.m */; };
		8604AEC617616E92005B1299 /* TLCollapsibleDataModel.m in Sources */ = {isa = PBXBuildFile; fileRef = 8604AE9817616E91005B1299 /* TLCollapsibleDataModel.m */; };
		8604AEC717616E92005B1299 /* TLCollapsibleHeaderView.m in Sources */ = {isa = PBXBuildFile; fileRef = 8604AE9A17616E91005B1299 /* TLCollapsibleHeaderView.m */; };
		8604AEC817616E92005B1299 /* TLCollapsibleTableViewController.m in Sources */ = {isa = PBXBuildFile; fileRef = 8604AE9C17616E91005B1299 /* TLCollapsibleTableViewController.m */; };
		8604AEC917616E92005B1299 /* TLGridDataModel.m in Sources */ = {isa = PBXBuildFile; fileRef = 8604AEA017616E92005B1299 /* TLGridDataModel.m */; };
		8604AECA17616E92005B1299 /* TLGridHeaderItem.m in Sources */ = {isa = PBXBuildFile; fileRef = 8604AEA217616E92005B1299 /* TLGridHeaderItem.m */; };
		8604AECB17616E92005B1299 /* TLGridItem.m in Sources */ = {isa = PBXBuildFile; fileRef = 8604AEA417616E92005B1299 /* TLGridItem.m */; };
		8604AECC17616E92005B1299 /* TLGridCellView.m in Sources */ = {isa = PBXBuildFile; fileRef = 8604AEA717616E92005B1299 /* TLGridCellView.m */; };
		8604AECD17616E92005B1299 /* TLGridHeaderCellView.m in Sources */ = {isa = PBXBuildFile; fileRef = 8604AEA917616E92005B1299 /* TLGridHeaderCellView.m */; };
		8604AECE17616E92005B1299 /* TLGridHeaderRowView.m in Sources */ = {isa = PBXBuildFile; fileRef = 8604AEAB17616E92005B1299 /* TLGridHeaderRowView.m */; };
		8604AECF17616E92005B1299 /* TLGridRowView.m in Sources */ = {isa = PBXBuildFile; fileRef = 8604AEAD17616E92005B1299 /* TLGridRowView.m */; };
		8604AED017616E92005B1299 /* TLLayerDelegate.m in Sources */ = {isa = PBXBuildFile; fileRef = 8604AEB017616E92005B1299 /* TLLayerDelegate.m */; };
		8604AED117616E92005B1299 /* TLIndexPathTreeItem.m in Sources */ = {isa = PBXBuildFile; fileRef = 8604AEB317616E92005B1299 /* TLIndexPathTreeItem.m */; };
		8604AED217616E92005B1299 /* TLTreeDataModel.m in Sources */ = {isa = PBXBuildFile; fileRef = 8604AEB517616E92005B1299 /* TLTreeDataModel.m */; };
		8604AED317616E92005B1299 /* TLTreeTableViewController.m in Sources */ = {isa = PBXBuildFile; fileRef = 8604AEB717616E92005B1299 /* TLTreeTableViewController.m */; };
		8604AED417616E92005B1299 /* UITableViewController+ScrollOptimizer.m in Sources */ = {isa = PBXBuildFile; fileRef = 8604AEB917616E92005B1299 /* UITableViewController+ScrollOptimizer.m */; };
		8604AED517616E92005B1299 /* TLCollectionViewController.m in Sources */ = {isa = PBXBuildFile; fileRef = 8604AEBC17616E92005B1299 /* TLCollectionViewController.m */; };
		8604AED617616E92005B1299 /* TLTableViewController.m in Sources */ = {isa = PBXBuildFile; fileRef = 8604AEBE17616E92005B1299 /* TLTableViewController.m */; };
		8604AED817616EAD005B1299 /* CoreData.framework in Frameworks */ = {isa = PBXBuildFile; fileRef = 8604AED717616EAD005B1299 /* CoreData.framework */; };
		8604AEDA17616EB9005B1299 /* QuartzCore.framework in Frameworks */ = {isa = PBXBuildFile; fileRef = 8604AED917616EB9005B1299 /* QuartzCore.framework */; };
		8604AEDD17616ED1005B1299 /* JSONTableViewController.m in Sources */ = {isa = PBXBuildFile; fileRef = 8604AEDC17616ED1005B1299 /* JSONTableViewController.m */; };
/* End PBXBuildFile section */

/* Begin PBXFileReference section */
		8604AE5E17616E63005B1299 /* JSON.app */ = {isa = PBXFileReference; explicitFileType = wrapper.application; includeInIndex = 0; path = JSON.app; sourceTree = BUILT_PRODUCTS_DIR; };
		8604AE6117616E63005B1299 /* UIKit.framework */ = {isa = PBXFileReference; lastKnownFileType = wrapper.framework; name = UIKit.framework; path = System/Library/Frameworks/UIKit.framework; sourceTree = SDKROOT; };
		8604AE6317616E63005B1299 /* Foundation.framework */ = {isa = PBXFileReference; lastKnownFileType = wrapper.framework; name = Foundation.framework; path = System/Library/Frameworks/Foundation.framework; sourceTree = SDKROOT; };
		8604AE6517616E63005B1299 /* CoreGraphics.framework */ = {isa = PBXFileReference; lastKnownFileType = wrapper.framework; name = CoreGraphics.framework; path = System/Library/Frameworks/CoreGraphics.framework; sourceTree = SDKROOT; };
		8604AE6917616E63005B1299 /* JSON-Info.plist */ = {isa = PBXFileReference; lastKnownFileType = text.plist.xml; path = "JSON-Info.plist"; sourceTree = "<group>"; };
		8604AE6B17616E63005B1299 /* en */ = {isa = PBXFileReference; lastKnownFileType = text.plist.strings; name = en; path = en.lproj/InfoPlist.strings; sourceTree = "<group>"; };
		8604AE6D17616E63005B1299 /* main.m */ = {isa = PBXFileReference; lastKnownFileType = sourcecode.c.objc; path = main.m; sourceTree = "<group>"; };
		8604AE6F17616E63005B1299 /* JSON-Prefix.pch */ = {isa = PBXFileReference; lastKnownFileType = sourcecode.c.h; path = "JSON-Prefix.pch"; sourceTree = "<group>"; };
		8604AE7017616E63005B1299 /* AppDelegate.h */ = {isa = PBXFileReference; lastKnownFileType = sourcecode.c.h; path = AppDelegate.h; sourceTree = "<group>"; };
		8604AE7117616E63005B1299 /* AppDelegate.m */ = {isa = PBXFileReference; lastKnownFileType = sourcecode.c.objc; path = AppDelegate.m; sourceTree = "<group>"; };
		8604AE7317616E63005B1299 /* Default.png */ = {isa = PBXFileReference; lastKnownFileType = image.png; path = Default.png; sourceTree = "<group>"; };
		8604AE7517616E63005B1299 /* Default@2x.png */ = {isa = PBXFileReference; lastKnownFileType = image.png; path = "Default@2x.png"; sourceTree = "<group>"; };
		8604AE7717616E63005B1299 /* Default-568h@2x.png */ = {isa = PBXFileReference; lastKnownFileType = image.png; path = "Default-568h@2x.png"; sourceTree = "<group>"; };
		8604AE7A17616E63005B1299 /* en */ = {isa = PBXFileReference; lastKnownFileType = file.storyboard; name = en; path = en.lproj/MainStoryboard.storyboard; sourceTree = "<group>"; };
		8604AE8617616E91005B1299 /* TLIndexPathController.h */ = {isa = PBXFileReference; fileEncoding = 4; lastKnownFileType = sourcecode.c.h; path = TLIndexPathController.h; sourceTree = "<group>"; };
		8604AE8717616E91005B1299 /* TLIndexPathController.m */ = {isa = PBXFileReference; fileEncoding = 4; lastKnownFileType = sourcecode.c.objc; path = TLIndexPathController.m; sourceTree = "<group>"; };
		8604AE8917616E91005B1299 /* TLIndexPathDataModel.h */ = {isa = PBXFileReference; fileEncoding = 4; lastKnownFileType = sourcecode.c.h; path = TLIndexPathDataModel.h; sourceTree = "<group>"; };
		8604AE8A17616E91005B1299 /* TLIndexPathDataModel.m */ = {isa = PBXFileReference; fileEncoding = 4; lastKnownFileType = sourcecode.c.objc; path = TLIndexPathDataModel.m; sourceTree = "<group>"; };
		8604AE8B17616E91005B1299 /* TLIndexPathItem.h */ = {isa = PBXFileReference; fileEncoding = 4; lastKnownFileType = sourcecode.c.h; path = TLIndexPathItem.h; sourceTree = "<group>"; };
		8604AE8C17616E91005B1299 /* TLIndexPathItem.m */ = {isa = PBXFileReference; fileEncoding = 4; lastKnownFileType = sourcecode.c.objc; path = TLIndexPathItem.m; sourceTree = "<group>"; };
		8604AE8D17616E91005B1299 /* TLIndexPathSectionInfo.h */ = {isa = PBXFileReference; fileEncoding = 4; lastKnownFileType = sourcecode.c.h; path = TLIndexPathSectionInfo.h; sourceTree = "<group>"; };
		8604AE8E17616E91005B1299 /* TLIndexPathSectionInfo.m */ = {isa = PBXFileReference; fileEncoding = 4; lastKnownFileType = sourcecode.c.objc; path = TLIndexPathSectionInfo.m; sourceTree = "<group>"; };
		8604AE8F17616E91005B1299 /* TLIndexPathUpdates.h */ = {isa = PBXFileReference; fileEncoding = 4; lastKnownFileType = sourcecode.c.h; path = TLIndexPathUpdates.h; sourceTree = "<group>"; };
		8604AE9017616E91005B1299 /* TLIndexPathUpdates.m */ = {isa = PBXFileReference; fileEncoding = 4; lastKnownFileType = sourcecode.c.objc; path = TLIndexPathUpdates.m; sourceTree = "<group>"; };
		8604AE9117616E91005B1299 /* TLNoResultsTableDataModel.h */ = {isa = PBXFileReference; fileEncoding = 4; lastKnownFileType = sourcecode.c.h; path = TLNoResultsTableDataModel.h; sourceTree = "<group>"; };
		8604AE9217616E91005B1299 /* TLNoResultsTableDataModel.m */ = {isa = PBXFileReference; fileEncoding = 4; lastKnownFileType = sourcecode.c.objc; path = TLNoResultsTableDataModel.m; sourceTree = "<group>"; };
		8604AE9317616E91005B1299 /* DynamicHeightCell.h */ = {isa = PBXFileReference; fileEncoding = 4; lastKnownFileType = sourcecode.c.h; path = DynamicHeightCell.h; sourceTree = "<group>"; };
		8604AE9417616E91005B1299 /* DynamicHeightCell.m */ = {isa = PBXFileReference; fileEncoding = 4; lastKnownFileType = sourcecode.c.objc; path = DynamicHeightCell.m; sourceTree = "<group>"; };
		8604AE9717616E91005B1299 /* TLCollapsibleDataModel.h */ = {isa = PBXFileReference; fileEncoding = 4; lastKnownFileType = sourcecode.c.h; path = TLCollapsibleDataModel.h; sourceTree = "<group>"; };
		8604AE9817616E91005B1299 /* TLCollapsibleDataModel.m */ = {isa = PBXFileReference; fileEncoding = 4; lastKnownFileType = sourcecode.c.objc; path = TLCollapsibleDataModel.m; sourceTree = "<group>"; };
		8604AE9917616E91005B1299 /* TLCollapsibleHeaderView.h */ = {isa = PBXFileReference; fileEncoding = 4; lastKnownFileType = sourcecode.c.h; path = TLCollapsibleHeaderView.h; sourceTree = "<group>"; };
		8604AE9A17616E91005B1299 /* TLCollapsibleHeaderView.m */ = {isa = PBXFileReference; fileEncoding = 4; lastKnownFileType = sourcecode.c.objc; path = TLCollapsibleHeaderView.m; sourceTree = "<group>"; };
		8604AE9B17616E91005B1299 /* TLCollapsibleTableViewController.h */ = {isa = PBXFileReference; fileEncoding = 4; lastKnownFileType = sourcecode.c.h; path = TLCollapsibleTableViewController.h; sourceTree = "<group>"; };
		8604AE9C17616E91005B1299 /* TLCollapsibleTableViewController.m */ = {isa = PBXFileReference; fileEncoding = 4; lastKnownFileType = sourcecode.c.objc; path = TLCollapsibleTableViewController.m; sourceTree = "<group>"; };
		8604AE9F17616E92005B1299 /* TLGridDataModel.h */ = {isa = PBXFileReference; fileEncoding = 4; lastKnownFileType = sourcecode.c.h; path = TLGridDataModel.h; sourceTree = "<group>"; };
		8604AEA017616E92005B1299 /* TLGridDataModel.m */ = {isa = PBXFileReference; fileEncoding = 4; lastKnownFileType = sourcecode.c.objc; path = TLGridDataModel.m; sourceTree = "<group>"; };
		8604AEA117616E92005B1299 /* TLGridHeaderItem.h */ = {isa = PBXFileReference; fileEncoding = 4; lastKnownFileType = sourcecode.c.h; path = TLGridHeaderItem.h; sourceTree = "<group>"; };
		8604AEA217616E92005B1299 /* TLGridHeaderItem.m */ = {isa = PBXFileReference; fileEncoding = 4; lastKnownFileType = sourcecode.c.objc; path = TLGridHeaderItem.m; sourceTree = "<group>"; };
		8604AEA317616E92005B1299 /* TLGridItem.h */ = {isa = PBXFileReference; fileEncoding = 4; lastKnownFileType = sourcecode.c.h; path = TLGridItem.h; sourceTree = "<group>"; };
		8604AEA417616E92005B1299 /* TLGridItem.m */ = {isa = PBXFileReference; fileEncoding = 4; lastKnownFileType = sourcecode.c.objc; path = TLGridItem.m; sourceTree = "<group>"; };
		8604AEA617616E92005B1299 /* TLGridCellView.h */ = {isa = PBXFileReference; fileEncoding = 4; lastKnownFileType = sourcecode.c.h; path = TLGridCellView.h; sourceTree = "<group>"; };
		8604AEA717616E92005B1299 /* TLGridCellView.m */ = {isa = PBXFileReference; fileEncoding = 4; lastKnownFileType = sourcecode.c.objc; path = TLGridCellView.m; sourceTree = "<group>"; };
		8604AEA817616E92005B1299 /* TLGridHeaderCellView.h */ = {isa = PBXFileReference; fileEncoding = 4; lastKnownFileType = sourcecode.c.h; path = TLGridHeaderCellView.h; sourceTree = "<group>"; };
		8604AEA917616E92005B1299 /* TLGridHeaderCellView.m */ = {isa = PBXFileReference; fileEncoding = 4; lastKnownFileType = sourcecode.c.objc; path = TLGridHeaderCellView.m; sourceTree = "<group>"; };
		8604AEAA17616E92005B1299 /* TLGridHeaderRowView.h */ = {isa = PBXFileReference; fileEncoding = 4; lastKnownFileType = sourcecode.c.h; path = TLGridHeaderRowView.h; sourceTree = "<group>"; };
		8604AEAB17616E92005B1299 /* TLGridHeaderRowView.m */ = {isa = PBXFileReference; fileEncoding = 4; lastKnownFileType = sourcecode.c.objc; path = TLGridHeaderRowView.m; sourceTree = "<group>"; };
		8604AEAC17616E92005B1299 /* TLGridRowView.h */ = {isa = PBXFileReference; fileEncoding = 4; lastKnownFileType = sourcecode.c.h; path = TLGridRowView.h; sourceTree = "<group>"; };
		8604AEAD17616E92005B1299 /* TLGridRowView.m */ = {isa = PBXFileReference; fileEncoding = 4; lastKnownFileType = sourcecode.c.objc; path = TLGridRowView.m; sourceTree = "<group>"; };
		8604AEAE17616E92005B1299 /* TLDynamicSizeView.h */ = {isa = PBXFileReference; fileEncoding = 4; lastKnownFileType = sourcecode.c.h; path = TLDynamicSizeView.h; sourceTree = "<group>"; };
		8604AEAF17616E92005B1299 /* TLLayerDelegate.h */ = {isa = PBXFileReference; fileEncoding = 4; lastKnownFileType = sourcecode.c.h; path = TLLayerDelegate.h; sourceTree = "<group>"; };
		8604AEB017616E92005B1299 /* TLLayerDelegate.m */ = {isa = PBXFileReference; fileEncoding = 4; lastKnownFileType = sourcecode.c.objc; path = TLLayerDelegate.m; sourceTree = "<group>"; };
		8604AEB217616E92005B1299 /* TLIndexPathTreeItem.h */ = {isa = PBXFileReference; fileEncoding = 4; lastKnownFileType = sourcecode.c.h; path = TLIndexPathTreeItem.h; sourceTree = "<group>"; };
		8604AEB317616E92005B1299 /* TLIndexPathTreeItem.m */ = {isa = PBXFileReference; fileEncoding = 4; lastKnownFileType = sourcecode.c.objc; path = TLIndexPathTreeItem.m; sourceTree = "<group>"; };
		8604AEB417616E92005B1299 /* TLTreeDataModel.h */ = {isa = PBXFileReference; fileEncoding = 4; lastKnownFileType = sourcecode.c.h; path = TLTreeDataModel.h; sourceTree = "<group>"; };
		8604AEB517616E92005B1299 /* TLTreeDataModel.m */ = {isa = PBXFileReference; fileEncoding = 4; lastKnownFileType = sourcecode.c.objc; path = TLTreeDataModel.m; sourceTree = "<group>"; };
		8604AEB617616E92005B1299 /* TLTreeTableViewController.h */ = {isa = PBXFileReference; fileEncoding = 4; lastKnownFileType = sourcecode.c.h; path = TLTreeTableViewController.h; sourceTree = "<group>"; };
		8604AEB717616E92005B1299 /* TLTreeTableViewController.m */ = {isa = PBXFileReference; fileEncoding = 4; lastKnownFileType = sourcecode.c.objc; path = TLTreeTableViewController.m; sourceTree = "<group>"; };
		8604AEB817616E92005B1299 /* UITableViewController+ScrollOptimizer.h */ = {isa = PBXFileReference; fileEncoding = 4; lastKnownFileType = sourcecode.c.h; path = "UITableViewController+ScrollOptimizer.h"; sourceTree = "<group>"; };
		8604AEB917616E92005B1299 /* UITableViewController+ScrollOptimizer.m */ = {isa = PBXFileReference; fileEncoding = 4; lastKnownFileType = sourcecode.c.objc; path = "UITableViewController+ScrollOptimizer.m"; sourceTree = "<group>"; };
		8604AEBB17616E92005B1299 /* TLCollectionViewController.h */ = {isa = PBXFileReference; fileEncoding = 4; lastKnownFileType = sourcecode.c.h; path = TLCollectionViewController.h; sourceTree = "<group>"; };
		8604AEBC17616E92005B1299 /* TLCollectionViewController.m */ = {isa = PBXFileReference; fileEncoding = 4; lastKnownFileType = sourcecode.c.objc; path = TLCollectionViewController.m; sourceTree = "<group>"; };
		8604AEBD17616E92005B1299 /* TLTableViewController.h */ = {isa = PBXFileReference; fileEncoding = 4; lastKnownFileType = sourcecode.c.h; path = TLTableViewController.h; sourceTree = "<group>"; };
		8604AEBE17616E92005B1299 /* TLTableViewController.m */ = {isa = PBXFileReference; fileEncoding = 4; lastKnownFileType = sourcecode.c.objc; path = TLTableViewController.m; sourceTree = "<group>"; };
		8604AED717616EAD005B1299 /* CoreData.framework */ = {isa = PBXFileReference; lastKnownFileType = wrapper.framework; name = CoreData.framework; path = System/Library/Frameworks/CoreData.framework; sourceTree = SDKROOT; };
		8604AED917616EB9005B1299 /* QuartzCore.framework */ = {isa = PBXFileReference; lastKnownFileType = wrapper.framework; name = QuartzCore.framework; path = System/Library/Frameworks/QuartzCore.framework; sourceTree = SDKROOT; };
		8604AEDB17616ED1005B1299 /* JSONTableViewController.h */ = {isa = PBXFileReference; fileEncoding = 4; lastKnownFileType = sourcecode.c.h; path = JSONTableViewController.h; sourceTree = "<group>"; };
		8604AEDC17616ED1005B1299 /* JSONTableViewController.m */ = {isa = PBXFileReference; fileEncoding = 4; lastKnownFileType = sourcecode.c.objc; path = JSONTableViewController.m; sourceTree = "<group>"; };
/* End PBXFileReference section */

/* Begin PBXFrameworksBuildPhase section */
		8604AE5B17616E63005B1299 /* Frameworks */ = {
			isa = PBXFrameworksBuildPhase;
			buildActionMask = 2147483647;
			files = (
				8604AEDA17616EB9005B1299 /* QuartzCore.framework in Frameworks */,
				8604AED817616EAD005B1299 /* CoreData.framework in Frameworks */,
				8604AE6217616E63005B1299 /* UIKit.framework in Frameworks */,
				8604AE6417616E63005B1299 /* Foundation.framework in Frameworks */,
				8604AE6617616E63005B1299 /* CoreGraphics.framework in Frameworks */,
			);
			runOnlyForDeploymentPostprocessing = 0;
		};
/* End PBXFrameworksBuildPhase section */

/* Begin PBXGroup section */
		8604AE5517616E63005B1299 = {
			isa = PBXGroup;
			children = (
				8604AED917616EB9005B1299 /* QuartzCore.framework */,
				8604AED717616EAD005B1299 /* CoreData.framework */,
				8604AE8417616E91005B1299 /* TLIndexPathTools */,
				8604AE6717616E63005B1299 /* JSON */,
				8604AE6017616E63005B1299 /* Frameworks */,
				8604AE5F17616E63005B1299 /* Products */,
			);
			sourceTree = "<group>";
		};
		8604AE5F17616E63005B1299 /* Products */ = {
			isa = PBXGroup;
			children = (
				8604AE5E17616E63005B1299 /* JSON.app */,
			);
			name = Products;
			sourceTree = "<group>";
		};
		8604AE6017616E63005B1299 /* Frameworks */ = {
			isa = PBXGroup;
			children = (
				8604AE6117616E63005B1299 /* UIKit.framework */,
				8604AE6317616E63005B1299 /* Foundation.framework */,
				8604AE6517616E63005B1299 /* CoreGraphics.framework */,
			);
			name = Frameworks;
			sourceTree = "<group>";
		};
		8604AE6717616E63005B1299 /* JSON */ = {
			isa = PBXGroup;
			children = (
				8604AE7017616E63005B1299 /* AppDelegate.h */,
				8604AE7117616E63005B1299 /* AppDelegate.m */,
				8604AE7917616E63005B1299 /* MainStoryboard.storyboard */,
				8604AE6817616E63005B1299 /* Supporting Files */,
				8604AEDB17616ED1005B1299 /* JSONTableViewController.h */,
				8604AEDC17616ED1005B1299 /* JSONTableViewController.m */,
			);
			path = JSON;
			sourceTree = "<group>";
		};
		8604AE6817616E63005B1299 /* Supporting Files */ = {
			isa = PBXGroup;
			children = (
				8604AE6917616E63005B1299 /* JSON-Info.plist */,
				8604AE6A17616E63005B1299 /* InfoPlist.strings */,
				8604AE6D17616E63005B1299 /* main.m */,
				8604AE6F17616E63005B1299 /* JSON-Prefix.pch */,
				8604AE7317616E63005B1299 /* Default.png */,
				8604AE7517616E63005B1299 /* Default@2x.png */,
				8604AE7717616E63005B1299 /* Default-568h@2x.png */,
			);
			name = "Supporting Files";
			sourceTree = "<group>";
		};
		8604AE8417616E91005B1299 /* TLIndexPathTools */ = {
			isa = PBXGroup;
			children = (
				8604AE8517616E91005B1299 /* Controllers */,
				8604AE8817616E91005B1299 /* Data Models */,
				8604AE9317616E91005B1299 /* DynamicHeightCell.h */,
				8604AE9417616E91005B1299 /* DynamicHeightCell.m */,
				8604AE9517616E91005B1299 /* Utils */,
				8604AEBA17616E92005B1299 /* View Controllers */,
			);
			name = TLIndexPathTools;
			path = ../../TLIndexPathTools;
			sourceTree = "<group>";
		};
		8604AE8517616E91005B1299 /* Controllers */ = {
			isa = PBXGroup;
			children = (
				8604AE8617616E91005B1299 /* TLIndexPathController.h */,
				8604AE8717616E91005B1299 /* TLIndexPathController.m */,
			);
			path = Controllers;
			sourceTree = "<group>";
		};
		8604AE8817616E91005B1299 /* Data Models */ = {
			isa = PBXGroup;
			children = (
				8604AE8917616E91005B1299 /* TLIndexPathDataModel.h */,
				8604AE8A17616E91005B1299 /* TLIndexPathDataModel.m */,
				8604AE8B17616E91005B1299 /* TLIndexPathItem.h */,
				8604AE8C17616E91005B1299 /* TLIndexPathItem.m */,
				8604AE8D17616E91005B1299 /* TLIndexPathSectionInfo.h */,
				8604AE8E17616E91005B1299 /* TLIndexPathSectionInfo.m */,
				8604AE8F17616E91005B1299 /* TLIndexPathUpdates.h */,
				8604AE9017616E91005B1299 /* TLIndexPathUpdates.m */,
				8604AE9117616E91005B1299 /* TLNoResultsTableDataModel.h */,
				8604AE9217616E91005B1299 /* TLNoResultsTableDataModel.m */,
			);
			path = "Data Models";
			sourceTree = "<group>";
		};
		8604AE9517616E91005B1299 /* Utils */ = {
			isa = PBXGroup;
			children = (
				8604AE9617616E91005B1299 /* Collapsible */,
				8604AE9D17616E91005B1299 /* Grid */,
				8604AEAE17616E92005B1299 /* TLDynamicSizeView.h */,
				8604AEAF17616E92005B1299 /* TLLayerDelegate.h */,
				8604AEB017616E92005B1299 /* TLLayerDelegate.m */,
				8604AEB117616E92005B1299 /* Tree */,
				8604AEB817616E92005B1299 /* UITableViewController+ScrollOptimizer.h */,
				8604AEB917616E92005B1299 /* UITableViewController+ScrollOptimizer.m */,
			);
			path = Utils;
			sourceTree = "<group>";
		};
		8604AE9617616E91005B1299 /* Collapsible */ = {
			isa = PBXGroup;
			children = (
				8604AE9717616E91005B1299 /* TLCollapsibleDataModel.h */,
				8604AE9817616E91005B1299 /* TLCollapsibleDataModel.m */,
				8604AE9917616E91005B1299 /* TLCollapsibleHeaderView.h */,
				8604AE9A17616E91005B1299 /* TLCollapsibleHeaderView.m */,
				8604AE9B17616E91005B1299 /* TLCollapsibleTableViewController.h */,
				8604AE9C17616E91005B1299 /* TLCollapsibleTableViewController.m */,
			);
			path = Collapsible;
			sourceTree = "<group>";
		};
		8604AE9D17616E91005B1299 /* Grid */ = {
			isa = PBXGroup;
			children = (
				8604AE9E17616E91005B1299 /* Data Model */,
				8604AEA517616E92005B1299 /* Views */,
			);
			path = Grid;
			sourceTree = "<group>";
		};
		8604AE9E17616E91005B1299 /* Data Model */ = {
			isa = PBXGroup;
			children = (
				8604AE9F17616E92005B1299 /* TLGridDataModel.h */,
				8604AEA017616E92005B1299 /* TLGridDataModel.m */,
				8604AEA117616E92005B1299 /* TLGridHeaderItem.h */,
				8604AEA217616E92005B1299 /* TLGridHeaderItem.m */,
				8604AEA317616E92005B1299 /* TLGridItem.h */,
				8604AEA417616E92005B1299 /* TLGridItem.m */,
			);
			path = "Data Model";
			sourceTree = "<group>";
		};
		8604AEA517616E92005B1299 /* Views */ = {
			isa = PBXGroup;
			children = (
				8604AEA617616E92005B1299 /* TLGridCellView.h */,
				8604AEA717616E92005B1299 /* TLGridCellView.m */,
				8604AEA817616E92005B1299 /* TLGridHeaderCellView.h */,
				8604AEA917616E92005B1299 /* TLGridHeaderCellView.m */,
				8604AEAA17616E92005B1299 /* TLGridHeaderRowView.h */,
				8604AEAB17616E92005B1299 /* TLGridHeaderRowView.m */,
				8604AEAC17616E92005B1299 /* TLGridRowView.h */,
				8604AEAD17616E92005B1299 /* TLGridRowView.m */,
			);
			path = Views;
			sourceTree = "<group>";
		};
		8604AEB117616E92005B1299 /* Tree */ = {
			isa = PBXGroup;
			children = (
				8604AEB217616E92005B1299 /* TLIndexPathTreeItem.h */,
				8604AEB317616E92005B1299 /* TLIndexPathTreeItem.m */,
				8604AEB417616E92005B1299 /* TLTreeDataModel.h */,
				8604AEB517616E92005B1299 /* TLTreeDataModel.m */,
				8604AEB617616E92005B1299 /* TLTreeTableViewController.h */,
				8604AEB717616E92005B1299 /* TLTreeTableViewController.m */,
			);
			path = Tree;
			sourceTree = "<group>";
		};
		8604AEBA17616E92005B1299 /* View Controllers */ = {
			isa = PBXGroup;
			children = (
				8604AEBB17616E92005B1299 /* TLCollectionViewController.h */,
				8604AEBC17616E92005B1299 /* TLCollectionViewController.m */,
				8604AEBD17616E92005B1299 /* TLTableViewController.h */,
				8604AEBE17616E92005B1299 /* TLTableViewController.m */,
			);
			path = "View Controllers";
			sourceTree = "<group>";
		};
/* End PBXGroup section */

/* Begin PBXNativeTarget section */
		8604AE5D17616E63005B1299 /* JSON */ = {
			isa = PBXNativeTarget;
			buildConfigurationList = 8604AE8117616E63005B1299 /* Build configuration list for PBXNativeTarget "JSON" */;
			buildPhases = (
				8604AE5A17616E63005B1299 /* Sources */,
				8604AE5B17616E63005B1299 /* Frameworks */,
				8604AE5C17616E63005B1299 /* Resources */,
			);
			buildRules = (
			);
			dependencies = (
			);
			name = JSON;
			productName = JSON;
			productReference = 8604AE5E17616E63005B1299 /* JSON.app */;
			productType = "com.apple.product-type.application";
		};
/* End PBXNativeTarget section */

/* Begin PBXProject section */
		8604AE5617616E63005B1299 /* Project object */ = {
			isa = PBXProject;
			attributes = {
				LastUpgradeCheck = 0460;
				ORGANIZATIONNAME = "Tractable Labs";
			};
			buildConfigurationList = 8604AE5917616E63005B1299 /* Build configuration list for PBXProject "JSON" */;
			compatibilityVersion = "Xcode 3.2";
			developmentRegion = English;
			hasScannedForEncodings = 0;
			knownRegions = (
				en,
			);
			mainGroup = 8604AE5517616E63005B1299;
			productRefGroup = 8604AE5F17616E63005B1299 /* Products */;
			projectDirPath = "";
			projectRoot = "";
			targets = (
				8604AE5D17616E63005B1299 /* JSON */,
			);
		};
/* End PBXProject section */

/* Begin PBXResourcesBuildPhase section */
		8604AE5C17616E63005B1299 /* Resources */ = {
			isa = PBXResourcesBuildPhase;
			buildActionMask = 2147483647;
			files = (
				8604AE6C17616E63005B1299 /* InfoPlist.strings in Resources */,
				8604AE7417616E63005B1299 /* Default.png in Resources */,
				8604AE7617616E63005B1299 /* Default@2x.png in Resources */,
				8604AE7817616E63005B1299 /* Default-568h@2x.png in Resources */,
				8604AE7B17616E63005B1299 /* MainStoryboard.storyboard in Resources */,
			);
			runOnlyForDeploymentPostprocessing = 0;
		};
/* End PBXResourcesBuildPhase section */

/* Begin PBXSourcesBuildPhase section */
		8604AE5A17616E63005B1299 /* Sources */ = {
			isa = PBXSourcesBuildPhase;
			buildActionMask = 2147483647;
			files = (
				8604AE6E17616E63005B1299 /* main.m in Sources */,
				8604AE7217616E63005B1299 /* AppDelegate.m in Sources */,
				8604AEBF17616E92005B1299 /* TLIndexPathController.m in Sources */,
				8604AEC017616E92005B1299 /* TLIndexPathDataModel.m in Sources */,
				8604AEC117616E92005B1299 /* TLIndexPathItem.m in Sources */,
				8604AEC217616E92005B1299 /* TLIndexPathSectionInfo.m in Sources */,
				8604AEC317616E92005B1299 /* TLIndexPathUpdates.m in Sources */,
				8604AEC417616E92005B1299 /* TLNoResultsTableDataModel.m in Sources */,
				8604AEC517616E92005B1299 /* DynamicHeightCell.m in Sources */,
				8604AEC617616E92005B1299 /* TLCollapsibleDataModel.m in Sources */,
				8604AEC717616E92005B1299 /* TLCollapsibleHeaderView.m in Sources */,
				8604AEC817616E92005B1299 /* TLCollapsibleTableViewController.m in Sources */,
				8604AEC917616E92005B1299 /* TLGridDataModel.m in Sources */,
				8604AECA17616E92005B1299 /* TLGridHeaderItem.m in Sources */,
				8604AECB17616E92005B1299 /* TLGridItem.m in Sources */,
				8604AECC17616E92005B1299 /* TLGridCellView.m in Sources */,
				8604AECD17616E92005B1299 /* TLGridHeaderCellView.m in Sources */,
				8604AECE17616E92005B1299 /* TLGridHeaderRowView.m in Sources */,
				8604AECF17616E92005B1299 /* TLGridRowView.m in Sources */,
				8604AED017616E92005B1299 /* TLLayerDelegate.m in Sources */,
				8604AED117616E92005B1299 /* TLIndexPathTreeItem.m in Sources */,
				8604AED217616E92005B1299 /* TLTreeDataModel.m in Sources */,
				8604AED317616E92005B1299 /* TLTreeTableViewController.m in Sources */,
				8604AED417616E92005B1299 /* UITableViewController+ScrollOptimizer.m in Sources */,
				8604AED517616E92005B1299 /* TLCollectionViewController.m in Sources */,
				8604AED617616E92005B1299 /* TLTableViewController.m in Sources */,
				8604AEDD17616ED1005B1299 /* JSONTableViewController.m in Sources */,
			);
			runOnlyForDeploymentPostprocessing = 0;
		};
/* End PBXSourcesBuildPhase section */

/* Begin PBXVariantGroup section */
		8604AE6A17616E63005B1299 /* InfoPlist.strings */ = {
			isa = PBXVariantGroup;
			children = (
				8604AE6B17616E63005B1299 /* en */,
			);
			name = InfoPlist.strings;
			sourceTree = "<group>";
		};
		8604AE7917616E63005B1299 /* MainStoryboard.storyboard */ = {
			isa = PBXVariantGroup;
			children = (
				8604AE7A17616E63005B1299 /* en */,
			);
			name = MainStoryboard.storyboard;
			sourceTree = "<group>";
		};
/* End PBXVariantGroup section */

/* Begin XCBuildConfiguration section */
		8604AE7F17616E63005B1299 /* Debug */ = {
			isa = XCBuildConfiguration;
			buildSettings = {
				ALWAYS_SEARCH_USER_PATHS = NO;
				CLANG_CXX_LANGUAGE_STANDARD = "gnu++0x";
				CLANG_CXX_LIBRARY = "libc++";
				CLANG_ENABLE_OBJC_ARC = YES;
				CLANG_WARN_CONSTANT_CONVERSION = YES;
				CLANG_WARN_EMPTY_BODY = YES;
				CLANG_WARN_ENUM_CONVERSION = YES;
				CLANG_WARN_INT_CONVERSION = YES;
				CLANG_WARN__DUPLICATE_METHOD_MATCH = YES;
				"CODE_SIGN_IDENTITY[sdk=iphoneos*]" = "iPhone Developer";
				COPY_PHASE_STRIP = NO;
				GCC_C_LANGUAGE_STANDARD = gnu99;
				GCC_DYNAMIC_NO_PIC = NO;
				GCC_OPTIMIZATION_LEVEL = 0;
				GCC_PREPROCESSOR_DEFINITIONS = (
					"DEBUG=1",
					"$(inherited)",
				);
				GCC_SYMBOLS_PRIVATE_EXTERN = NO;
				GCC_WARN_ABOUT_RETURN_TYPE = YES;
				GCC_WARN_UNINITIALIZED_AUTOS = YES;
				GCC_WARN_UNUSED_VARIABLE = YES;
				IPHONEOS_DEPLOYMENT_TARGET = 6.1;
				ONLY_ACTIVE_ARCH = YES;
				SDKROOT = iphoneos;
			};
			name = Debug;
		};
		8604AE8017616E63005B1299 /* Release */ = {
			isa = XCBuildConfiguration;
			buildSettings = {
				ALWAYS_SEARCH_USER_PATHS = NO;
				CLANG_CXX_LANGUAGE_STANDARD = "gnu++0x";
				CLANG_CXX_LIBRARY = "libc++";
				CLANG_ENABLE_OBJC_ARC = YES;
				CLANG_WARN_CONSTANT_CONVERSION = YES;
				CLANG_WARN_EMPTY_BODY = YES;
				CLANG_WARN_ENUM_CONVERSION = YES;
				CLANG_WARN_INT_CONVERSION = YES;
				CLANG_WARN__DUPLICATE_METHOD_MATCH = YES;
				"CODE_SIGN_IDENTITY[sdk=iphoneos*]" = "iPhone Developer";
				COPY_PHASE_STRIP = YES;
				GCC_C_LANGUAGE_STANDARD = gnu99;
				GCC_WARN_ABOUT_RETURN_TYPE = YES;
				GCC_WARN_UNINITIALIZED_AUTOS = YES;
				GCC_WARN_UNUSED_VARIABLE = YES;
				IPHONEOS_DEPLOYMENT_TARGET = 6.1;
				OTHER_CFLAGS = "-DNS_BLOCK_ASSERTIONS=1";
				SDKROOT = iphoneos;
				VALIDATE_PRODUCT = YES;
			};
			name = Release;
		};
		8604AE8217616E63005B1299 /* Debug */ = {
			isa = XCBuildConfiguration;
			buildSettings = {
				GCC_PRECOMPILE_PREFIX_HEADER = YES;
				GCC_PREFIX_HEADER = "JSON/JSON-Prefix.pch";
				INFOPLIST_FILE = "JSON/JSON-Info.plist";
				PRODUCT_NAME = "$(TARGET_NAME)";
				WRAPPER_EXTENSION = app;
			};
			name = Debug;
		};
		8604AE8317616E63005B1299 /* Release */ = {
			isa = XCBuildConfiguration;
			buildSettings = {
				GCC_PRECOMPILE_PREFIX_HEADER = YES;
				GCC_PREFIX_HEADER = "JSON/JSON-Prefix.pch";
				INFOPLIST_FILE = "JSON/JSON-Info.plist";
				PRODUCT_NAME = "$(TARGET_NAME)";
				WRAPPER_EXTENSION = app;
			};
			name = Release;
		};
/* End XCBuildConfiguration section */

/* Begin XCConfigurationList section */
		8604AE5917616E63005B1299 /* Build configuration list for PBXProject "JSON" */ = {
			isa = XCConfigurationList;
			buildConfigurations = (
				8604AE7F17616E63005B1299 /* Debug */,
				8604AE8017616E63005B1299 /* Release */,
			);
			defaultConfigurationIsVisible = 0;
			defaultConfigurationName = Release;
		};
		8604AE8117616E63005B1299 /* Build configuration list for PBXNativeTarget "JSON" */ = {
			isa = XCConfigurationList;
			buildConfigurations = (
				8604AE8217616E63005B1299 /* Debug */,
				8604AE8317616E63005B1299 /* Release */,
			);
			defaultConfigurationIsVisible = 0;
		};
/* End XCConfigurationList section */
	};
	rootObject = 8604AE5617616E63005B1299 /* Project object */;
}
