// !$*UTF8*$!
{
	archiveVersion = 1;
	classes = {
	};
	objectVersion = 46;
	objects = {

/* Begin PBXBuildFile section */
		86BFEA4417CD6A1B00262FE8 /* libTLIndexPathTools.a in Frameworks */ = {isa = PBXBuildFile; fileRef = 86BFEA2E17CD691D00262FE8 /* libTLIndexPathTools.a */; };
		86C926DB177897CB009E0324 /* UIKit.framework in Frameworks */ = {isa = PBXBuildFile; fileRef = 86C926DA177897CB009E0324 /* UIKit.framework */; };
		86C926DD177897CB009E0324 /* Foundation.framework in Frameworks */ = {isa = PBXBuildFile; fileRef = 86C926DC177897CB009E0324 /* Foundation.framework */; };
		86C926DF177897CB009E0324 /* CoreGraphics.framework in Frameworks */ = {isa = PBXBuildFile; fileRef = 86C926DE177897CB009E0324 /* CoreGraphics.framework */; };
		86C926E5177897CB009E0324 /* InfoPlist.strings in Resources */ = {isa = PBXBuildFile; fileRef = 86C926E3177897CB009E0324 /* InfoPlist.strings */; };
		86C926E7177897CB009E0324 /* main.m in Sources */ = {isa = PBXBuildFile; fileRef = 86C926E6177897CB009E0324 /* main.m */; };
		86C926EB177897CB009E0324 /* AppDelegate.m in Sources */ = {isa = PBXBuildFile; fileRef = 86C926EA177897CB009E0324 /* AppDelegate.m */; };
		86C926ED177897CB009E0324 /* Default.png in Resources */ = {isa = PBXBuildFile; fileRef = 86C926EC177897CB009E0324 /* Default.png */; };
		86C926EF177897CB009E0324 /* Default@2x.png in Resources */ = {isa = PBXBuildFile; fileRef = 86C926EE177897CB009E0324 /* Default@2x.png */; };
		86C926F1177897CB009E0324 /* Default-568h@2x.png in Resources */ = {isa = PBXBuildFile; fileRef = 86C926F0177897CB009E0324 /* Default-568h@2x.png */; };
		86C926F4177897CB009E0324 /* MainStoryboard.storyboard in Resources */ = {isa = PBXBuildFile; fileRef = 86C926F2177897CB009E0324 /* MainStoryboard.storyboard */; };
		86C926F7177897CB009E0324 /* ViewController.m in Sources */ = {isa = PBXBuildFile; fileRef = 86C926F6177897CB009E0324 /* ViewController.m */; };
		86C926FE177897D8009E0324 /* CoreData.framework in Frameworks */ = {isa = PBXBuildFile; fileRef = 86C926FD177897D8009E0324 /* CoreData.framework */; };
		86C92700177897E1009E0324 /* QuartzCore.framework in Frameworks */ = {isa = PBXBuildFile; fileRef = 86C926FF177897E1009E0324 /* QuartzCore.framework */; };
/* End PBXBuildFile section */

/* Begin PBXContainerItemProxy section */
		86BFEA2D17CD691D00262FE8 /* PBXContainerItemProxy */ = {
			isa = PBXContainerItemProxy;
			containerPortal = 86BFEA2817CD691D00262FE8 /* TLIndexPathTools.xcodeproj */;
			proxyType = 2;
			remoteGlobalIDString = B145DAB9179EE94300CF270E;
			remoteInfo = TLIndexPathTools;
		};
/* End PBXContainerItemProxy section */

/* Begin PBXFileReference section */
		86BFEA2817CD691D00262FE8 /* TLIndexPathTools.xcodeproj */ = {isa = PBXFileReference; lastKnownFileType = "wrapper.pb-project"; name = TLIndexPathTools.xcodeproj; path = ../../TLIndexPathTools.xcodeproj; sourceTree = "<group>"; };
		86C926D7177897CB009E0324 /* Minimal.app */ = {isa = PBXFileReference; explicitFileType = wrapper.application; includeInIndex = 0; path = Minimal.app; sourceTree = BUILT_PRODUCTS_DIR; };
		86C926DA177897CB009E0324 /* UIKit.framework */ = {isa = PBXFileReference; lastKnownFileType = wrapper.framework; name = UIKit.framework; path = System/Library/Frameworks/UIKit.framework; sourceTree = SDKROOT; };
		86C926DC177897CB009E0324 /* Foundation.framework */ = {isa = PBXFileReference; lastKnownFileType = wrapper.framework; name = Foundation.framework; path = System/Library/Frameworks/Foundation.framework; sourceTree = SDKROOT; };
		86C926DE177897CB009E0324 /* CoreGraphics.framework */ = {isa = PBXFileReference; lastKnownFileType = wrapper.framework; name = CoreGraphics.framework; path = System/Library/Frameworks/CoreGraphics.framework; sourceTree = SDKROOT; };
		86C926E2177897CB009E0324 /* Minimal-Info.plist */ = {isa = PBXFileReference; lastKnownFileType = text.plist.xml; path = "Minimal-Info.plist"; sourceTree = "<group>"; };
		86C926E4177897CB009E0324 /* en */ = {isa = PBXFileReference; lastKnownFileType = text.plist.strings; name = en; path = en.lproj/InfoPlist.strings; sourceTree = "<group>"; };
		86C926E6177897CB009E0324 /* main.m */ = {isa = PBXFileReference; lastKnownFileType = sourcecode.c.objc; path = main.m; sourceTree = "<group>"; };
		86C926E8177897CB009E0324 /* Minimal-Prefix.pch */ = {isa = PBXFileReference; lastKnownFileType = sourcecode.c.h; path = "Minimal-Prefix.pch"; sourceTree = "<group>"; };
		86C926E9177897CB009E0324 /* AppDelegate.h */ = {isa = PBXFileReference; lastKnownFileType = sourcecode.c.h; path = AppDelegate.h; sourceTree = "<group>"; };
		86C926EA177897CB009E0324 /* AppDelegate.m */ = {isa = PBXFileReference; lastKnownFileType = sourcecode.c.objc; path = AppDelegate.m; sourceTree = "<group>"; };
		86C926EC177897CB009E0324 /* Default.png */ = {isa = PBXFileReference; lastKnownFileType = image.png; path = Default.png; sourceTree = "<group>"; };
		86C926EE177897CB009E0324 /* Default@2x.png */ = {isa = PBXFileReference; lastKnownFileType = image.png; path = "Default@2x.png"; sourceTree = "<group>"; };
		86C926F0177897CB009E0324 /* Default-568h@2x.png */ = {isa = PBXFileReference; lastKnownFileType = image.png; path = "Default-568h@2x.png"; sourceTree = "<group>"; };
		86C926F3177897CB009E0324 /* en */ = {isa = PBXFileReference; lastKnownFileType = file.storyboard; name = en; path = en.lproj/MainStoryboard.storyboard; sourceTree = "<group>"; };
		86C926F5177897CB009E0324 /* ViewController.h */ = {isa = PBXFileReference; lastKnownFileType = sourcecode.c.h; path = ViewController.h; sourceTree = "<group>"; };
		86C926F6177897CB009E0324 /* ViewController.m */ = {isa = PBXFileReference; lastKnownFileType = sourcecode.c.objc; path = ViewController.m; sourceTree = "<group>"; };
		86C926FD177897D8009E0324 /* CoreData.framework */ = {isa = PBXFileReference; lastKnownFileType = wrapper.framework; name = CoreData.framework; path = System/Library/Frameworks/CoreData.framework; sourceTree = SDKROOT; };
		86C926FF177897E1009E0324 /* QuartzCore.framework */ = {isa = PBXFileReference; lastKnownFileType = wrapper.framework; name = QuartzCore.framework; path = System/Library/Frameworks/QuartzCore.framework; sourceTree = SDKROOT; };
		B1AF921817A188DD009E0FE2 /* libTLIndexPathTools.a */ = {isa = PBXFileReference; lastKnownFileType = archive.ar; name = libTLIndexPathTools.a; path = "../../build/Release-iphoneos/libTLIndexPathTools.a"; sourceTree = "<group>"; };
/* End PBXFileReference section */

/* Begin PBXFrameworksBuildPhase section */
		86C926D4177897CB009E0324 /* Frameworks */ = {
			isa = PBXFrameworksBuildPhase;
			buildActionMask = 2147483647;
			files = (
				86BFEA4417CD6A1B00262FE8 /* libTLIndexPathTools.a in Frameworks */,
				86C92700177897E1009E0324 /* QuartzCore.framework in Frameworks */,
				86C926FE177897D8009E0324 /* CoreData.framework in Frameworks */,
				86C926DB177897CB009E0324 /* UIKit.framework in Frameworks */,
				86C926DD177897CB009E0324 /* Foundation.framework in Frameworks */,
				86C926DF177897CB009E0324 /* CoreGraphics.framework in Frameworks */,
			);
			runOnlyForDeploymentPostprocessing = 0;
		};
/* End PBXFrameworksBuildPhase section */

/* Begin PBXGroup section */
		86BFEA2917CD691D00262FE8 /* Products */ = {
			isa = PBXGroup;
			children = (
				86BFEA2E17CD691D00262FE8 /* libTLIndexPathTools.a */,
			);
			name = Products;
			sourceTree = "<group>";
		};
		86C926CE177897CB009E0324 = {
			isa = PBXGroup;
			children = (
				86BFEA2817CD691D00262FE8 /* TLIndexPathTools.xcodeproj */,
				86C926E0177897CB009E0324 /* Minimal */,
				86C926D9177897CB009E0324 /* Frameworks */,
				86C926D8177897CB009E0324 /* Products */,
			);
			sourceTree = "<group>";
		};
		86C926D8177897CB009E0324 /* Products */ = {
			isa = PBXGroup;
			children = (
				86C926D7177897CB009E0324 /* Minimal.app */,
			);
			name = Products;
			sourceTree = "<group>";
		};
		86C926D9177897CB009E0324 /* Frameworks */ = {
			isa = PBXGroup;
			children = (
				B1AF921817A188DD009E0FE2 /* libTLIndexPathTools.a */,
				86C926FF177897E1009E0324 /* QuartzCore.framework */,
				86C926FD177897D8009E0324 /* CoreData.framework */,
				86C926DA177897CB009E0324 /* UIKit.framework */,
				86C926DC177897CB009E0324 /* Foundation.framework */,
				86C926DE177897CB009E0324 /* CoreGraphics.framework */,
			);
			name = Frameworks;
			sourceTree = "<group>";
		};
		86C926E0177897CB009E0324 /* Minimal */ = {
			isa = PBXGroup;
			children = (
				86C926E9177897CB009E0324 /* AppDelegate.h */,
				86C926EA177897CB009E0324 /* AppDelegate.m */,
				86C926F2177897CB009E0324 /* MainStoryboard.storyboard */,
				86C926F5177897CB009E0324 /* ViewController.h */,
				86C926F6177897CB009E0324 /* ViewController.m */,
				86C926E1177897CB009E0324 /* Supporting Files */,
			);
			path = Minimal;
			sourceTree = "<group>";
		};
		86C926E1177897CB009E0324 /* Supporting Files */ = {
			isa = PBXGroup;
			children = (
				86C926E2177897CB009E0324 /* Minimal-Info.plist */,
				86C926E3177897CB009E0324 /* InfoPlist.strings */,
				86C926E6177897CB009E0324 /* main.m */,
				86C926E8177897CB009E0324 /* Minimal-Prefix.pch */,
				86C926EC177897CB009E0324 /* Default.png */,
				86C926EE177897CB009E0324 /* Default@2x.png */,
				86C926F0177897CB009E0324 /* Default-568h@2x.png */,
			);
			name = "Supporting Files";
			sourceTree = "<group>";
		};
/* End PBXGroup section */

/* Begin PBXNativeTarget section */
		86C926D6177897CB009E0324 /* Minimal */ = {
			isa = PBXNativeTarget;
			buildConfigurationList = 86C926FA177897CB009E0324 /* Build configuration list for PBXNativeTarget "Minimal" */;
			buildPhases = (
				86C926D3177897CB009E0324 /* Sources */,
				86C926D4177897CB009E0324 /* Frameworks */,
				86C926D5177897CB009E0324 /* Resources */,
			);
			buildRules = (
			);
			dependencies = (
			);
			name = Minimal;
			productName = Minimal;
			productReference = 86C926D7177897CB009E0324 /* Minimal.app */;
			productType = "com.apple.product-type.application";
		};
/* End PBXNativeTarget section */

/* Begin PBXProject section */
		86C926CF177897CB009E0324 /* Project object */ = {
			isa = PBXProject;
			attributes = {
				LastUpgradeCheck = 0460;
				ORGANIZATIONNAME = "wtm@tractablelabs.com";
			};
			buildConfigurationList = 86C926D2177897CB009E0324 /* Build configuration list for PBXProject "Minimal" */;
			compatibilityVersion = "Xcode 3.2";
			developmentRegion = English;
			hasScannedForEncodings = 0;
			knownRegions = (
				en,
			);
			mainGroup = 86C926CE177897CB009E0324;
			productRefGroup = 86C926D8177897CB009E0324 /* Products */;
			projectDirPath = "";
			projectReferences = (
				{
					ProductGroup = 86BFEA2917CD691D00262FE8 /* Products */;
					ProjectRef = 86BFEA2817CD691D00262FE8 /* TLIndexPathTools.xcodeproj */;
				},
			);
			projectRoot = "";
			targets = (
				86C926D6177897CB009E0324 /* Minimal */,
			);
		};
/* End PBXProject section */

/* Begin PBXReferenceProxy section */
		86BFEA2E17CD691D00262FE8 /* libTLIndexPathTools.a */ = {
			isa = PBXReferenceProxy;
			fileType = archive.ar;
			path = libTLIndexPathTools.a;
			remoteRef = 86BFEA2D17CD691D00262FE8 /* PBXContainerItemProxy */;
			sourceTree = BUILT_PRODUCTS_DIR;
		};
/* End PBXReferenceProxy section */

/* Begin PBXResourcesBuildPhase section */
		86C926D5177897CB009E0324 /* Resources */ = {
			isa = PBXResourcesBuildPhase;
			buildActionMask = 2147483647;
			files = (
				86C926E5177897CB009E0324 /* InfoPlist.strings in Resources */,
				86C926ED177897CB009E0324 /* Default.png in Resources */,
				86C926EF177897CB009E0324 /* Default@2x.png in Resources */,
				86C926F1177897CB009E0324 /* Default-568h@2x.png in Resources */,
				86C926F4177897CB009E0324 /* MainStoryboard.storyboard in Resources */,
			);
			runOnlyForDeploymentPostprocessing = 0;
		};
/* End PBXResourcesBuildPhase section */

/* Begin PBXSourcesBuildPhase section */
		86C926D3177897CB009E0324 /* Sources */ = {
			isa = PBXSourcesBuildPhase;
			buildActionMask = 2147483647;
			files = (
				86C926E7177897CB009E0324 /* main.m in Sources */,
				86C926EB177897CB009E0324 /* AppDelegate.m in Sources */,
				86C926F7177897CB009E0324 /* ViewController.m in Sources */,
			);
			runOnlyForDeploymentPostprocessing = 0;
		};
/* End PBXSourcesBuildPhase section */

/* Begin PBXVariantGroup section */
		86C926E3177897CB009E0324 /* InfoPlist.strings */ = {
			isa = PBXVariantGroup;
			children = (
				86C926E4177897CB009E0324 /* en */,
			);
			name = InfoPlist.strings;
			sourceTree = "<group>";
		};
		86C926F2177897CB009E0324 /* MainStoryboard.storyboard */ = {
			isa = PBXVariantGroup;
			children = (
				86C926F3177897CB009E0324 /* en */,
			);
			name = MainStoryboard.storyboard;
			sourceTree = "<group>";
		};
/* End PBXVariantGroup section */

/* Begin XCBuildConfiguration section */
		86C926F8177897CB009E0324 /* Debug */ = {
			isa = XCBuildConfiguration;
			buildSettings = {
				ALWAYS_SEARCH_USER_PATHS = NO;
				CLANG_CXX_LANGUAGE_STANDARD = "gnu++0x";
				CLANG_CXX_LIBRARY = "libc++";
				CLANG_ENABLE_OBJC_ARC = YES;
				CLANG_WARN_CONSTANT_CONVERSION = YES;
				CLANG_WARN_EMPTY_BODY = YES;
				CLANG_WARN_ENUM_CONVERSION = YES;
				CLANG_WARN_INT_CONVERSION = YES;
				CLANG_WARN__DUPLICATE_METHOD_MATCH = YES;
				"CODE_SIGN_IDENTITY[sdk=iphoneos*]" = "iPhone Developer";
				COPY_PHASE_STRIP = NO;
				GCC_C_LANGUAGE_STANDARD = gnu99;
				GCC_DYNAMIC_NO_PIC = NO;
				GCC_OPTIMIZATION_LEVEL = 0;
				GCC_PREPROCESSOR_DEFINITIONS = (
					"DEBUG=1",
					"$(inherited)",
				);
				GCC_SYMBOLS_PRIVATE_EXTERN = NO;
				GCC_WARN_ABOUT_RETURN_TYPE = YES;
				GCC_WARN_UNINITIALIZED_AUTOS = YES;
				GCC_WARN_UNUSED_VARIABLE = YES;
				IPHONEOS_DEPLOYMENT_TARGET = 6.1;
				ONLY_ACTIVE_ARCH = YES;
				SDKROOT = iphoneos;
			};
			name = Debug;
		};
		86C926F9177897CB009E0324 /* Release */ = {
			isa = XCBuildConfiguration;
			buildSettings = {
				ALWAYS_SEARCH_USER_PATHS = NO;
				CLANG_CXX_LANGUAGE_STANDARD = "gnu++0x";
				CLANG_CXX_LIBRARY = "libc++";
				CLANG_ENABLE_OBJC_ARC = YES;
				CLANG_WARN_CONSTANT_CONVERSION = YES;
				CLANG_WARN_EMPTY_BODY = YES;
				CLANG_WARN_ENUM_CONVERSION = YES;
				CLANG_WARN_INT_CONVERSION = YES;
				CLANG_WARN__DUPLICATE_METHOD_MATCH = YES;
				"CODE_SIGN_IDENTITY[sdk=iphoneos*]" = "iPhone Developer";
				COPY_PHASE_STRIP = YES;
				GCC_C_LANGUAGE_STANDARD = gnu99;
				GCC_WARN_ABOUT_RETURN_TYPE = YES;
				GCC_WARN_UNINITIALIZED_AUTOS = YES;
				GCC_WARN_UNUSED_VARIABLE = YES;
				IPHONEOS_DEPLOYMENT_TARGET = 6.1;
				OTHER_CFLAGS = "-DNS_BLOCK_ASSERTIONS=1";
				SDKROOT = iphoneos;
				VALIDATE_PRODUCT = YES;
			};
			name = Release;
		};
		86C926FB177897CB009E0324 /* Debug */ = {
			isa = XCBuildConfiguration;
			buildSettings = {
				ALWAYS_SEARCH_USER_PATHS = YES;
				GCC_PRECOMPILE_PREFIX_HEADER = YES;
				GCC_PREFIX_HEADER = "Minimal/Minimal-Prefix.pch";
				INFOPLIST_FILE = "Minimal/Minimal-Info.plist";
				PRODUCT_NAME = "$(TARGET_NAME)";
				USER_HEADER_SEARCH_PATHS = "\"$(TARGET_BUILD_DIR)/include/\"";
				WRAPPER_EXTENSION = app;
			};
			name = Debug;
		};
		86C926FC177897CB009E0324 /* Release */ = {
			isa = XCBuildConfiguration;
			buildSettings = {
				ALWAYS_SEARCH_USER_PATHS = YES;
				GCC_PRECOMPILE_PREFIX_HEADER = YES;
				GCC_PREFIX_HEADER = "Minimal/Minimal-Prefix.pch";
				INFOPLIST_FILE = "Minimal/Minimal-Info.plist";
				PRODUCT_NAME = "$(TARGET_NAME)";
				USER_HEADER_SEARCH_PATHS = "\"$(TARGET_BUILD_DIR)/include/\"";
				WRAPPER_EXTENSION = app;
			};
			name = Release;
		};
/* End XCBuildConfiguration section */

/* Begin XCConfigurationList section */
		86C926D2177897CB009E0324 /* Build configuration list for PBXProject "Minimal" */ = {
			isa = XCConfigurationList;
			buildConfigurations = (
				86C926F8177897CB009E0324 /* Debug */,
				86C926F9177897CB009E0324 /* Release */,
			);
			defaultConfigurationIsVisible = 0;
			defaultConfigurationName = Release;
		};
		86C926FA177897CB009E0324 /* Build configuration list for PBXNativeTarget "Minimal" */ = {
			isa = XCConfigurationList;
			buildConfigurations = (
				86C926FB177897CB009E0324 /* Debug */,
				86C926FC177897CB009E0324 /* Release */,
			);
			defaultConfigurationIsVisible = 0;
			defaultConfigurationName = Release;
		};
/* End XCConfigurationList section */
	};
	rootObject = 86C926CF177897CB009E0324 /* Project object */;
}
